PODS:
  - Appodeal (2.5.12):
    - Appodeal/Full (= 2.5.12)
  - Appodeal/AdColonyAdapter (2.5.12):
    - Appodeal/AppodealAdExchangeAdapter
    - Appodeal/Core
  - Appodeal/AmazonAdsAdapter (2.5.12):
    - Appodeal/Core
  - Appodeal/AppLovinAdapter (2.5.12):
    - Appodeal/AppodealAdExchangeAdapter
    - Appodeal/Core
  - Appodeal/AppodealAdExchangeAdapter (2.5.12):
    - Appodeal/Core
  - Appodeal/Banner (2.5.12):
    - Appodeal/AmazonAdsAdapter
    - Appodeal/AppLovinAdapter
    - Appodeal/AppodealAdExchangeAdapter
    - Appodeal/FacebookAudienceAdapter
    - Appodeal/GoogleAdMobAdapter
    - Appodeal/InMobiAdapter
    - Appodeal/InnerActiveAdapter
    - Appodeal/MyTargetAdapter
    - Appodeal/OpenXAdapter
    - Appodeal/SmaatoAdapter
    - Appodeal/StartAppAdapter
    - Appodeal/YandexAdapter
  - Appodeal/ChartboostAdapter (2.5.12):
    - Appodeal/Core
  - Appodeal/Core (2.5.12)
  - Appodeal/FacebookAudienceAdapter (2.5.12):
    - Appodeal/Core
    - FBSDKCoreKit/Basics (>= 5.2.1)
  - Appodeal/Full (2.5.12):
    - Appodeal/Banner
    - Appodeal/Core
    - Appodeal/Interstitial
    - Appodeal/Native
    - Appodeal/Video
  - Appodeal/GoogleAdMobAdapter (2.5.12):
    - Appodeal/Core
    - Google-Mobile-Ads-SDK (>= 7.50.0)
  - Appodeal/InMobiAdapter (2.5.12):
    - Appodeal/Core
  - Appodeal/InnerActiveAdapter (2.5.12):
    - Appodeal/AppodealAdExchangeAdapter
    - Appodeal/Core
  - Appodeal/Interstitial (2.5.12):
    - Appodeal/AmazonAdsAdapter
    - Appodeal/InMobiAdapter
    - Appodeal/Video
    - Appodeal/YandexAdapter
  - Appodeal/IronSourceAdapter (2.5.12):
    - Appodeal/Core
  - Appodeal/MintegralAdapter (2.5.12):
    - Appodeal/Core
  - Appodeal/MyTargetAdapter (2.5.12):
    - Appodeal/Core
  - Appodeal/Native (2.5.12):
    - Appodeal/AppLovinAdapter
    - Appodeal/AppodealAdExchangeAdapter
    - Appodeal/FacebookAudienceAdapter
    - Appodeal/GoogleAdMobAdapter
    - Appodeal/InMobiAdapter
    - Appodeal/InnerActiveAdapter
    - Appodeal/MyTargetAdapter
    - Appodeal/PubnativeAdapter
    - Appodeal/SmaatoAdapter
    - Appodeal/StartAppAdapter
  - Appodeal/OpenXAdapter (2.5.12):
    - Appodeal/AppodealAdExchangeAdapter
    - Appodeal/Core
  - Appodeal/PubnativeAdapter (2.5.12):
    - Appodeal/AppodealAdExchangeAdapter
    - Appodeal/Core
  - Appodeal/SmaatoAdapter (2.5.12):
    - Appodeal/AppodealAdExchangeAdapter
    - Appodeal/Core
  - Appodeal/StartAppAdapter (2.5.12):
    - Appodeal/Core
  - Appodeal/UnityAdapter (2.5.12):
    - Appodeal/Core
  - Appodeal/Video (2.5.12):
    - Appodeal/AdColonyAdapter
    - Appodeal/AppLovinAdapter
    - Appodeal/AppodealAdExchangeAdapter
    - Appodeal/ChartboostAdapter
    - Appodeal/FacebookAudienceAdapter
    - Appodeal/GoogleAdMobAdapter
    - Appodeal/InMobiAdapter
    - Appodeal/InnerActiveAdapter
    - Appodeal/IronSourceAdapter
    - Appodeal/MintegralAdapter
    - Appodeal/MyTargetAdapter
    - Appodeal/OpenXAdapter
    - Appodeal/SmaatoAdapter
    - Appodeal/StartAppAdapter
    - Appodeal/UnityAdapter
    - Appodeal/VungleAdapter
  - Appodeal/VungleAdapter (2.5.12):
    - Appodeal/AppodealAdExchangeAdapter
    - Appodeal/Core
  - Appodeal/YandexAdapter (2.5.12):
    - Appodeal/Core
  - Bolts/Tasks (1.9.0)
  - Charts (3.4.0):
    - Charts/Core (= 3.4.0)
  - Charts/Core (3.4.0)
  - Crashlytics (3.14.0):
    - Fabric (~> 1.10.2)
  - Fabric (1.10.2)
  - FBSDKCoreKit/Basics (5.14.0)
  - Firebase (6.15.0):
    - Firebase/Core (= 6.15.0)
  - Firebase/Core (6.15.0):
    - Firebase/CoreOnly
    - FirebaseAnalytics (= 6.2.1)
  - Firebase/CoreOnly (6.15.0):
    - FirebaseCore (= 6.6.0)
  - FirebaseAnalytics (6.2.1):
    - FirebaseCore (~> 6.6)
    - FirebaseInstanceID (~> 4.3)
    - GoogleAppMeasurement (= 6.2.1)
    - GoogleUtilities/AppDelegateSwizzler (~> 6.0)
    - GoogleUtilities/MethodSwizzler (~> 6.0)
    - GoogleUtilities/Network (~> 6.0)
    - "GoogleUtilities/NSData+zlib (~> 6.0)"
    - nanopb (= 0.3.9011)
  - FirebaseCore (6.6.0):
    - FirebaseCoreDiagnostics (~> 1.2)
    - FirebaseCoreDiagnosticsInterop (~> 1.2)
    - GoogleUtilities/Environment (~> 6.5)
    - GoogleUtilities/Logger (~> 6.5)
  - FirebaseCoreDiagnostics (1.2.0):
    - FirebaseCoreDiagnosticsInterop (~> 1.2)
    - GoogleDataTransportCCTSupport (~> 1.3)
    - GoogleUtilities/Environment (~> 6.5)
    - GoogleUtilities/Logger (~> 6.5)
    - nanopb (~> 0.3.901)
  - FirebaseCoreDiagnosticsInterop (1.2.0)
  - FirebaseInstallations (1.1.0):
    - FirebaseCore (~> 6.6)
    - GoogleUtilities/UserDefaults (~> 6.5)
    - PromisesObjC (~> 1.2)
  - FirebaseInstanceID (4.3.0):
    - FirebaseCore (~> 6.6)
    - FirebaseInstallations (~> 1.0)
    - GoogleUtilities/Environment (~> 6.5)
    - GoogleUtilities/UserDefaults (~> 6.5)
  - Google-Mobile-Ads-SDK (7.53.1):
    - GoogleAppMeasurement (~> 6.0)
  - GoogleAnalytics (3.17.0)
  - GoogleAppMeasurement (6.2.1):
    - GoogleUtilities/AppDelegateSwizzler (~> 6.0)
    - GoogleUtilities/MethodSwizzler (~> 6.0)
    - GoogleUtilities/Network (~> 6.0)
    - "GoogleUtilities/NSData+zlib (~> 6.0)"
    - nanopb (= 0.3.9011)
  - GoogleDataTransport (3.3.0)
  - GoogleDataTransportCCTSupport (1.3.0):
    - GoogleDataTransport (~> 3.3)
    - nanopb (~> 0.3.901)
  - GoogleUtilities/AppDelegateSwizzler (6.5.0):
    - GoogleUtilities/Environment
    - GoogleUtilities/Logger
    - GoogleUtilities/Network
  - GoogleUtilities/Environment (6.5.0)
  - GoogleUtilities/Logger (6.5.0):
    - GoogleUtilities/Environment
  - GoogleUtilities/MethodSwizzler (6.5.0):
    - GoogleUtilities/Logger
  - GoogleUtilities/Network (6.5.0):
    - GoogleUtilities/Logger
    - "GoogleUtilities/NSData+zlib"
    - GoogleUtilities/Reachability
  - "GoogleUtilities/NSData+zlib (6.5.0)"
  - GoogleUtilities/Reachability (6.5.0):
    - GoogleUtilities/Logger
  - GoogleUtilities/UserDefaults (6.5.0):
    - GoogleUtilities/Logger
  - IQKeyboardManagerSwift (5.0.8)
  - Localize-Swift (3.1.0)
  - MBProgressHUD (1.2.0)
  - nanopb (0.3.9011):
    - nanopb/decode (= 0.3.9011)
    - nanopb/encode (= 0.3.9011)
  - nanopb/decode (0.3.9011)
  - nanopb/encode (0.3.9011)
  - Parse (1.17.1):
    - Parse/Core (= 1.17.1)
  - Parse/Core (1.17.1):
    - Bolts/Tasks (~> 1.9)
  - Player (0.8.4)
  - PromisesObjC (1.2.8)
  - Sourcery (0.17.0)
  - Stripe (18.4.0)
  - SwiftLint (0.38.2)
  - TDOnboarding (2.1)
  - TTRangeSlider (1.0.6)

DEPENDENCIES:
  - Appodeal (= 2.5.12)
  - Charts
  - Crashlytics
  - Fabric
  - Firebase
  - Firebase/Core
  - GoogleAnalytics
  - IQKeyboardManagerSwift (= 5.0.8)
  - Localize-Swift
  - MBProgressHUD
  - Parse (= 1.17.1)
  - Player (= 0.8.4)
  - Sourcery
  - Stripe
  - SwiftLint
  - TDOnboarding
  - TTRangeSlider

SPEC REPOS:
  trunk:
    - Appodeal
    - Bolts
    - Charts
    - Crashlytics
    - Fabric
    - FBSDKCoreKit
    - Firebase
    - FirebaseAnalytics
    - FirebaseCore
    - FirebaseCoreDiagnostics
    - FirebaseCoreDiagnosticsInterop
    - FirebaseInstallations
    - FirebaseInstanceID
    - Google-Mobile-Ads-SDK
    - GoogleAnalytics
    - GoogleAppMeasurement
    - GoogleDataTransport
    - GoogleDataTransportCCTSupport
    - GoogleUtilities
    - IQKeyboardManagerSwift
    - Localize-Swift
    - MBProgressHUD
    - nanopb
    - Parse
    - Player
    - PromisesObjC
    - Sourcery
    - Stripe
    - SwiftLint
    - TDOnboarding
    - TTRangeSlider

SPEC CHECKSUMS:
  Appodeal: 2ac8bf71e46998f0c69d8114a3425a60061e47ac
  Bolts: ac6567323eac61e203f6a9763667d0f711be34c8
  Charts: 74c9f256eaf0460c0c416522d1cf8c634ea6b286
  Crashlytics: 540b7e5f5da5a042647227a5e3ac51d85eed06df
  Fabric: 706c8b8098fff96c33c0db69cbf81f9c551d0d74
  FBSDKCoreKit: a72c8d2c42aa4c4d5eaa5f160be9580750f70d2e
  Firebase: 5d77105d9740a07ca6b16927ca971db7e860faaf
  FirebaseAnalytics: e83e64b1231dedcd9ddd4bdecd9bcfd6ba341679
  FirebaseCore: 4aeb81ff53dcd9a3634ca725dc1fb8c2a4622046
  FirebaseCoreDiagnostics: 5e78803ab276bc5b50340e3c539c06c3de35c649
  FirebaseCoreDiagnosticsInterop: 296e2c5f5314500a850ad0b83e9e7c10b011a850
  FirebaseInstallations: 575cd32f2aec0feeb0e44f5d0110a09e5e60b47b
  FirebaseInstanceID: 6668efc1655a4052c083f287a7141f1ead12f9c2
  Google-Mobile-Ads-SDK: fac081606dbd438d8db57198b83ba8b5f875a601
  GoogleAnalytics: f42cc53a87a51fe94334821868d9c8481ff47a7b
  GoogleAppMeasurement: a08a43b8677b95ed51fcef880e36737334d804fd
  GoogleDataTransport: 574a983e829327d7c18f2627f65d9e80164ea8a4
  GoogleDataTransportCCTSupport: cad3cd6cdbdbad6b5c2c9206ec413402755faaaa
  GoogleUtilities: f8de7ddf8c706f58e9b405d53e38bbdaa2731e5a
  IQKeyboardManagerSwift: 2e7dc7f98c111458c1ea2b373f893e8cf95e2b97
  Localize-Swift: 4bed4f0ccac8be2ec3517ee359da80ba2adb0fae
  MBProgressHUD: 3ee5efcc380f6a79a7cc9b363dd669c5e1ae7406
  nanopb: 18003b5e52dab79db540fe93fe9579f399bd1ccd
  Parse: d3edaf8c7c722cb33cb83ba7821d015ae32d362d
  Player: e45514e9e5fb8ff18f50eb2ba6f84dac9b6a0024
  PromisesObjC: c119f3cd559f50b7ae681fa59dc1acd19173b7e6
  Sourcery: 3ed61be7c8a1218fce349266139379dba477efe0
  Stripe: fa837c60f0644b488c994024ce7d9b001ea4e97c
  SwiftLint: 8f5d2f903e1c9bcbc832fd16771e80a263ac6cbb
  TDOnboarding: 2885b251825a593df18d29185cbd709d1fa71089
  TTRangeSlider: 78188bea83f6471a06f75adbc88da5e990baeafe

PODFILE CHECKSUM: 9a31dc803dbc5a4853782fabec981e1e7ad67710

COCOAPODS: 1.8.4
