// !$*UTF8*$!
{
	archiveVersion = 1;
	classes = {
	};
	objectVersion = 48;
	objects = {

/* Begin PBXBuildFile section */
		0D70147B0701131D6414DE5F /* Pods_Jifflr_iOS.framework in Frameworks */ = {isa = PBXBuildFile; fileRef = 3AA78A5D430103A44650FA49 /* Pods_Jifflr_iOS.framework */; };
		550BAAE3001C3569D8793343 /* Pods_Jifflr_iOSTests.framework in Frameworks */ = {isa = PBXBuildFile; fileRef = F8FF4091BF05651B49E64C35 /* Pods_Jifflr_iOSTests.framework */; };
		D1073B82673BD251B8AE1C31 /* Pods_Ad_M8_iOSTests.framework in Frameworks */ = {isa = PBXBuildFile; fileRef = 1FF4F428DC6F036365223DB8 /* Pods_Ad_M8_iOSTests.framework */; };
		E90C1FFD1FA8C24000A42461 /* UserTests.swift in Sources */ = {isa = PBXBuildFile; fileRef = E90C1FFC1FA8C24000A42461 /* UserTests.swift */; };
		E90C1FFF1FA8D02B00A42461 /* PendingUserTests.swift in Sources */ = {isa = PBXBuildFile; fileRef = E90C1FFE1FA8D02B00A42461 /* PendingUserTests.swift */; };
		E90C20011FA8D16E00A42461 /* AdvertTests.swift in Sources */ = {isa = PBXBuildFile; fileRef = E90C20001FA8D16E00A42461 /* AdvertTests.swift */; };
		E90C20031FA8D5EB00A42461 /* RegistrationViewControllerTests.swift in Sources */ = {isa = PBXBuildFile; fileRef = E90C20021FA8D5EB00A42461 /* RegistrationViewControllerTests.swift */; };
		E90C20051FA8DAE500A42461 /* UserSeenAdvertTests.swift in Sources */ = {isa = PBXBuildFile; fileRef = E90C20041FA8DAE500A42461 /* UserSeenAdvertTests.swift */; };
		E90C200A1FA8DE0100A42461 /* UserManagerTests.swift in Sources */ = {isa = PBXBuildFile; fileRef = E90C20091FA8DE0100A42461 /* UserManagerTests.swift */; };
		E9488EC81F8CEFC900697862 /* Dashboard.storyboard in Resources */ = {isa = PBXBuildFile; fileRef = E9488EC61F8CEFC900697862 /* Dashboard.storyboard */; };
		E9488ECA1F8CFC4300697862 /* PendingUser.swift in Sources */ = {isa = PBXBuildFile; fileRef = E9488EC91F8CFC4300697862 /* PendingUser.swift */; };
		E9488ECC1F8D032700697862 /* PendingUserManager.swift in Sources */ = {isa = PBXBuildFile; fileRef = E9488ECB1F8D032700697862 /* PendingUserManager.swift */; };
		E9488ECE1F8D0C1C00697862 /* ContactsManager.swift in Sources */ = {isa = PBXBuildFile; fileRef = E9488ECD1F8D0C1C00697862 /* ContactsManager.swift */; };
		E95179491F90D15E0000A08D /* UserCashout.swift in Sources */ = {isa = PBXBuildFile; fileRef = E95179481F90D15E0000A08D /* UserCashout.swift */; };
		E951794B1F90D1CC0000A08D /* CashoutManager.swift in Sources */ = {isa = PBXBuildFile; fileRef = E951794A1F90D1CC0000A08D /* CashoutManager.swift */; };
		E9691F2B1F8E52EC006070F6 /* Advert.storyboard in Resources */ = {isa = PBXBuildFile; fileRef = E9691F291F8E52EC006070F6 /* Advert.storyboard */; };
		E9798C10201A416600E8A7D2 /* RegisterViewController.swift in Sources */ = {isa = PBXBuildFile; fileRef = E9798C0D201A416500E8A7D2 /* RegisterViewController.swift */; };
		E9798C11201A416600E8A7D2 /* LocationRequiredViewController.swift in Sources */ = {isa = PBXBuildFile; fileRef = E9798C0E201A416500E8A7D2 /* LocationRequiredViewController.swift */; };
		E9798C12201A416600E8A7D2 /* LoginViewController.swift in Sources */ = {isa = PBXBuildFile; fileRef = E9798C0F201A416500E8A7D2 /* LoginViewController.swift */; };
		E9798C14201A41AB00E8A7D2 /* LandingViewController.swift in Sources */ = {isa = PBXBuildFile; fileRef = E9798C13201A41AB00E8A7D2 /* LandingViewController.swift */; };
		E9798C16201A430D00E8A7D2 /* Session.swift in Sources */ = {isa = PBXBuildFile; fileRef = E9798C15201A430D00E8A7D2 /* Session.swift */; };
		E9798C18201A43C000E8A7D2 /* ViewControllerExtensions.swift in Sources */ = {isa = PBXBuildFile; fileRef = E9798C17201A43C000E8A7D2 /* ViewControllerExtensions.swift */; };
		E9798C1B201A4B5700E8A7D2 /* DashboardViewController.swift in Sources */ = {isa = PBXBuildFile; fileRef = E9798C1A201A4B5700E8A7D2 /* DashboardViewController.swift */; };
		E9798C1F201A4BD200E8A7D2 /* TeamViewController.swift in Sources */ = {isa = PBXBuildFile; fileRef = E9798C1E201A4BD200E8A7D2 /* TeamViewController.swift */; };
		E9798C22201A4C0F00E8A7D2 /* CashoutViewController.swift in Sources */ = {isa = PBXBuildFile; fileRef = E9798C21201A4C0F00E8A7D2 /* CashoutViewController.swift */; };
		E9798C25201A4C6800E8A7D2 /* AdvertViewController.swift in Sources */ = {isa = PBXBuildFile; fileRef = E9798C24201A4C6800E8A7D2 /* AdvertViewController.swift */; };
		E9798C2B201A4C8E00E8A7D2 /* BinaryFeedbackViewController.swift in Sources */ = {isa = PBXBuildFile; fileRef = E9798C27201A4C8E00E8A7D2 /* BinaryFeedbackViewController.swift */; };
		E9798C2C201A4C8E00E8A7D2 /* FeedbackViewController.swift in Sources */ = {isa = PBXBuildFile; fileRef = E9798C28201A4C8E00E8A7D2 /* FeedbackViewController.swift */; };
		E9798C2D201A4C8E00E8A7D2 /* QAFeedbackViewController.swift in Sources */ = {isa = PBXBuildFile; fileRef = E9798C29201A4C8E00E8A7D2 /* QAFeedbackViewController.swift */; };
		E9798C2E201A4C8E00E8A7D2 /* RatingFeedbackViewController.swift in Sources */ = {isa = PBXBuildFile; fileRef = E9798C2A201A4C8E00E8A7D2 /* RatingFeedbackViewController.swift */; };
		E9A2CF4D1F8F7BF0008A7F40 /* Advert.swift in Sources */ = {isa = PBXBuildFile; fileRef = E9A2CF4C1F8F7BF0008A7F40 /* Advert.swift */; };
		E9A2CF4F1F8F7CCA008A7F40 /* FeedbackQuestion.swift in Sources */ = {isa = PBXBuildFile; fileRef = E9A2CF4E1F8F7CCA008A7F40 /* FeedbackQuestion.swift */; };
		E9A2CF511F8F7D1D008A7F40 /* FeedbackType.swift in Sources */ = {isa = PBXBuildFile; fileRef = E9A2CF501F8F7D1D008A7F40 /* FeedbackType.swift */; };
		E9A2CF531F8F7D87008A7F40 /* Location.swift in Sources */ = {isa = PBXBuildFile; fileRef = E9A2CF521F8F7D87008A7F40 /* Location.swift */; };
		E9A2CF551F8F7DEB008A7F40 /* UserSeenAdvert.swift in Sources */ = {isa = PBXBuildFile; fileRef = E9A2CF541F8F7DEB008A7F40 /* UserSeenAdvert.swift */; };
		E9A2CF571F8F7F4F008A7F40 /* UserFeedback.swift in Sources */ = {isa = PBXBuildFile; fileRef = E9A2CF561F8F7F4F008A7F40 /* UserFeedback.swift */; };
		E9A2CF591F8F90CA008A7F40 /* FeedbackManager.swift in Sources */ = {isa = PBXBuildFile; fileRef = E9A2CF581F8F90CA008A7F40 /* FeedbackManager.swift */; };
		E9A2CF5B1F8FA4A0008A7F40 /* AdvertManager.swift in Sources */ = {isa = PBXBuildFile; fileRef = E9A2CF5A1F8FA4A0008A7F40 /* AdvertManager.swift */; };
		E9A717741F8B89AC00B07414 /* AppDelegate.swift in Sources */ = {isa = PBXBuildFile; fileRef = E9A717731F8B89AC00B07414 /* AppDelegate.swift */; };
		E9A7177A1F8B89AC00B07414 /* CustomView.swift in Sources */ = {isa = PBXBuildFile; fileRef = E9A717791F8B89AC00B07414 /* CustomView.swift */; };
		E9A7177D1F8B89AC00B07414 /* PFUser+Extensions.swift in Sources */ = {isa = PBXBuildFile; fileRef = E9A7177C1F8B89AC00B07414 /* PFUser+Extensions.swift */; };
		E9A717801F8B89AC00B07414 /* Reachability.swift in Sources */ = {isa = PBXBuildFile; fileRef = E9A7177F1F8B89AC00B07414 /* Reachability.swift */; };
		E9A717821F8B89AC00B07414 /* ErrorMessage.swift in Sources */ = {isa = PBXBuildFile; fileRef = E9A717811F8B89AC00B07414 /* ErrorMessage.swift */; };
		E9A717851F8B89AC00B07414 /* ColorExtensions.swift in Sources */ = {isa = PBXBuildFile; fileRef = E9A717841F8B89AC00B07414 /* ColorExtensions.swift */; };
		E9A717881F8B89AC00B07414 /* Settings.bundle in Resources */ = {isa = PBXBuildFile; fileRef = E9A717871F8B89AC00B07414 /* Settings.bundle */; };
		E9A7178C1F8B89AC00B07414 /* GoogleService-Info.plist in Resources */ = {isa = PBXBuildFile; fileRef = E9A7178B1F8B89AC00B07414 /* GoogleService-Info.plist */; };
		E9A7178E1F8B89AC00B07414 /* setup.sh in Resources */ = {isa = PBXBuildFile; fileRef = E9A7178D1F8B89AC00B07414 /* setup.sh */; };
		E9A717911F8B89AC00B07414 /* podfile in Resources */ = {isa = PBXBuildFile; fileRef = E9A717901F8B89AC00B07414 /* podfile */; };
		E9A717931F8B89AC00B07414 /* Cartfile in Resources */ = {isa = PBXBuildFile; fileRef = E9A717921F8B89AC00B07414 /* Cartfile */; };
		E9A717951F8B89AC00B07414 /* Cartfile.private in Resources */ = {isa = PBXBuildFile; fileRef = E9A717941F8B89AC00B07414 /* Cartfile.private */; };
		E9A717971F8B89AC00B07414 /* .gitignore in Resources */ = {isa = PBXBuildFile; fileRef = E9A717961F8B89AC00B07414 /* .gitignore */; };
		E9A717991F8B89AC00B07414 /* ReadMe.md in Resources */ = {isa = PBXBuildFile; fileRef = E9A717981F8B89AC00B07414 /* ReadMe.md */; };
		E9A7179D1F8B89AC00B07414 /* LaunchScreen.storyboard in Resources */ = {isa = PBXBuildFile; fileRef = E9A7179B1F8B89AC00B07414 /* LaunchScreen.storyboard */; };
		E9A717A01F8B89AC00B07414 /* Main.storyboard in Resources */ = {isa = PBXBuildFile; fileRef = E9A7179E1F8B89AC00B07414 /* Main.storyboard */; };
		E9A717A21F8B89AC00B07414 /* Assets.xcassets in Resources */ = {isa = PBXBuildFile; fileRef = E9A717A11F8B89AC00B07414 /* Assets.xcassets */; };
		E9A717AD1F8B89AC00B07414 /* Ad_M8_iOSTests.swift in Sources */ = {isa = PBXBuildFile; fileRef = E9A717AC1F8B89AC00B07414 /* Ad_M8_iOSTests.swift */; };
		E9DBBC3920163485000B8835 /* Localizable.strings in Resources */ = {isa = PBXBuildFile; fileRef = E9DBBC3B20163485000B8835 /* Localizable.strings */; };
		E9E0B55A1F8BC5A200CBBA72 /* UserManager.swift in Sources */ = {isa = PBXBuildFile; fileRef = E9E0B5591F8BC5A200CBBA72 /* UserManager.swift */; };
		E9E0B55C1F8BD43500CBBA72 /* LocationManager.swift in Sources */ = {isa = PBXBuildFile; fileRef = E9E0B55B1F8BD43500CBBA72 /* LocationManager.swift */; };
		E9E0B55E1F8BD7AE00CBBA72 /* Constants.swift in Sources */ = {isa = PBXBuildFile; fileRef = E9E0B55D1F8BD7AE00CBBA72 /* Constants.swift */; };
/* End PBXBuildFile section */

/* Begin PBXContainerItemProxy section */
		E9A717A91F8B89AC00B07414 /* PBXContainerItemProxy */ = {
			isa = PBXContainerItemProxy;
			containerPortal = E9A717671F8B89AC00B07414 /* Project object */;
			proxyType = 1;
			remoteGlobalIDString = E9A7176E1F8B89AC00B07414;
			remoteInfo = "Ad-M8-iOS";
		};
/* End PBXContainerItemProxy section */

/* Begin PBXFileReference section */
		0D4B9A9BE20B6172ABBF5ADC /* Pods_Ad_M8_iOS.framework */ = {isa = PBXFileReference; explicitFileType = wrapper.framework; includeInIndex = 0; path = Pods_Ad_M8_iOS.framework; sourceTree = BUILT_PRODUCTS_DIR; };
		0ED41ABA1C2F0B2DA5F0C041 /* Pods-Jifflr-iOSTests.release.xcconfig */ = {isa = PBXFileReference; includeInIndex = 1; lastKnownFileType = text.xcconfig; name = "Pods-Jifflr-iOSTests.release.xcconfig"; path = "Libraries/Pods/Target Support Files/Pods-Jifflr-iOSTests/Pods-Jifflr-iOSTests.release.xcconfig"; sourceTree = "<group>"; };
		1FF4F428DC6F036365223DB8 /* Pods_Ad_M8_iOSTests.framework */ = {isa = PBXFileReference; explicitFileType = wrapper.framework; includeInIndex = 0; path = Pods_Ad_M8_iOSTests.framework; sourceTree = BUILT_PRODUCTS_DIR; };
		21DEB2D3C8A90A7832029F73 /* Pods-Ad-M8-iOSTests.release.xcconfig */ = {isa = PBXFileReference; includeInIndex = 1; lastKnownFileType = text.xcconfig; name = "Pods-Ad-M8-iOSTests.release.xcconfig"; path = "Libraries/Pods/Target Support Files/Pods-Ad-M8-iOSTests/Pods-Ad-M8-iOSTests.release.xcconfig"; sourceTree = "<group>"; };
		2380966C0858B174DFF812D2 /* Pods-Ad-M8-iOS.debug.xcconfig */ = {isa = PBXFileReference; includeInIndex = 1; lastKnownFileType = text.xcconfig; name = "Pods-Ad-M8-iOS.debug.xcconfig"; path = "Libraries/Pods/Target Support Files/Pods-Ad-M8-iOS/Pods-Ad-M8-iOS.debug.xcconfig"; sourceTree = "<group>"; };
		3AA78A5D430103A44650FA49 /* Pods_Jifflr_iOS.framework */ = {isa = PBXFileReference; explicitFileType = wrapper.framework; includeInIndex = 0; path = Pods_Jifflr_iOS.framework; sourceTree = BUILT_PRODUCTS_DIR; };
		3EB7AD52FCD41C25D42A21EB /* Pods-Ad-M8-iOS.release.xcconfig */ = {isa = PBXFileReference; includeInIndex = 1; lastKnownFileType = text.xcconfig; name = "Pods-Ad-M8-iOS.release.xcconfig"; path = "Libraries/Pods/Target Support Files/Pods-Ad-M8-iOS/Pods-Ad-M8-iOS.release.xcconfig"; sourceTree = "<group>"; };
		5BF98737963D7F5B4AB1E447 /* Pods-Jifflr-iOSTests.release (staging).xcconfig */ = {isa = PBXFileReference; includeInIndex = 1; lastKnownFileType = text.xcconfig; name = "Pods-Jifflr-iOSTests.release (staging).xcconfig"; path = "Libraries/Pods/Target Support Files/Pods-Jifflr-iOSTests/Pods-Jifflr-iOSTests.release (staging).xcconfig"; sourceTree = "<group>"; };
		5ECFD93B67F4BD2D51848E3E /* Pods-Jifflr-iOSTests.debug (production).xcconfig */ = {isa = PBXFileReference; includeInIndex = 1; lastKnownFileType = text.xcconfig; name = "Pods-Jifflr-iOSTests.debug (production).xcconfig"; path = "Libraries/Pods/Target Support Files/Pods-Jifflr-iOSTests/Pods-Jifflr-iOSTests.debug (production).xcconfig"; sourceTree = "<group>"; };
		A3BEEC78DB5FEBC9B148CB78 /* Pods-Jifflr-iOSTests.debug (staging).xcconfig */ = {isa = PBXFileReference; includeInIndex = 1; lastKnownFileType = text.xcconfig; name = "Pods-Jifflr-iOSTests.debug (staging).xcconfig"; path = "Libraries/Pods/Target Support Files/Pods-Jifflr-iOSTests/Pods-Jifflr-iOSTests.debug (staging).xcconfig"; sourceTree = "<group>"; };
		AAF951B2FEC46F1F10DB96B9 /* Pods-Jifflr-iOS.release (staging).xcconfig */ = {isa = PBXFileReference; includeInIndex = 1; lastKnownFileType = text.xcconfig; name = "Pods-Jifflr-iOS.release (staging).xcconfig"; path = "Libraries/Pods/Target Support Files/Pods-Jifflr-iOS/Pods-Jifflr-iOS.release (staging).xcconfig"; sourceTree = "<group>"; };
		BC97C23DDB55B06FEA083191 /* Pods-Jifflr-iOS.release (production) .xcconfig */ = {isa = PBXFileReference; includeInIndex = 1; lastKnownFileType = text.xcconfig; name = "Pods-Jifflr-iOS.release (production) .xcconfig"; path = "Libraries/Pods/Target Support Files/Pods-Jifflr-iOS/Pods-Jifflr-iOS.release (production) .xcconfig"; sourceTree = "<group>"; };
		D80FD3DF108C60B7DA4C87B6 /* Pods-Jifflr-iOS.debug (production).xcconfig */ = {isa = PBXFileReference; includeInIndex = 1; lastKnownFileType = text.xcconfig; name = "Pods-Jifflr-iOS.debug (production).xcconfig"; path = "Libraries/Pods/Target Support Files/Pods-Jifflr-iOS/Pods-Jifflr-iOS.debug (production).xcconfig"; sourceTree = "<group>"; };
		E0033189681D354654012761 /* Pods-Jifflr-iOSTests.debug.xcconfig */ = {isa = PBXFileReference; includeInIndex = 1; lastKnownFileType = text.xcconfig; name = "Pods-Jifflr-iOSTests.debug.xcconfig"; path = "Libraries/Pods/Target Support Files/Pods-Jifflr-iOSTests/Pods-Jifflr-iOSTests.debug.xcconfig"; sourceTree = "<group>"; };
		E54E1291EB796CC1BF42599D /* Pods-Ad-M8-iOSTests.debug.xcconfig */ = {isa = PBXFileReference; includeInIndex = 1; lastKnownFileType = text.xcconfig; name = "Pods-Ad-M8-iOSTests.debug.xcconfig"; path = "Libraries/Pods/Target Support Files/Pods-Ad-M8-iOSTests/Pods-Ad-M8-iOSTests.debug.xcconfig"; sourceTree = "<group>"; };
		E586678BDA9C050A99987A39 /* Pods-Jifflr-iOSTests.release (production) .xcconfig */ = {isa = PBXFileReference; includeInIndex = 1; lastKnownFileType = text.xcconfig; name = "Pods-Jifflr-iOSTests.release (production) .xcconfig"; path = "Libraries/Pods/Target Support Files/Pods-Jifflr-iOSTests/Pods-Jifflr-iOSTests.release (production) .xcconfig"; sourceTree = "<group>"; };
		E90C1FFC1FA8C24000A42461 /* UserTests.swift */ = {isa = PBXFileReference; lastKnownFileType = sourcecode.swift; path = UserTests.swift; sourceTree = "<group>"; };
		E90C1FFE1FA8D02B00A42461 /* PendingUserTests.swift */ = {isa = PBXFileReference; lastKnownFileType = sourcecode.swift; path = PendingUserTests.swift; sourceTree = "<group>"; };
		E90C20001FA8D16E00A42461 /* AdvertTests.swift */ = {isa = PBXFileReference; lastKnownFileType = sourcecode.swift; path = AdvertTests.swift; sourceTree = "<group>"; };
		E90C20021FA8D5EB00A42461 /* RegistrationViewControllerTests.swift */ = {isa = PBXFileReference; lastKnownFileType = sourcecode.swift; path = RegistrationViewControllerTests.swift; sourceTree = "<group>"; };
		E90C20041FA8DAE500A42461 /* UserSeenAdvertTests.swift */ = {isa = PBXFileReference; lastKnownFileType = sourcecode.swift; path = UserSeenAdvertTests.swift; sourceTree = "<group>"; };
		E90C20091FA8DE0100A42461 /* UserManagerTests.swift */ = {isa = PBXFileReference; lastKnownFileType = sourcecode.swift; path = UserManagerTests.swift; sourceTree = "<group>"; };
		E9488EC71F8CEFC900697862 /* Base */ = {isa = PBXFileReference; lastKnownFileType = file.storyboard; name = Base; path = Base.lproj/Dashboard.storyboard; sourceTree = "<group>"; };
		E9488EC91F8CFC4300697862 /* PendingUser.swift */ = {isa = PBXFileReference; lastKnownFileType = sourcecode.swift; name = PendingUser.swift; path = Models/PendingUser.swift; sourceTree = "<group>"; };
		E9488ECB1F8D032700697862 /* PendingUserManager.swift */ = {isa = PBXFileReference; lastKnownFileType = sourcecode.swift; name = PendingUserManager.swift; path = Helpers/PendingUserManager.swift; sourceTree = "<group>"; };
		E9488ECD1F8D0C1C00697862 /* ContactsManager.swift */ = {isa = PBXFileReference; lastKnownFileType = sourcecode.swift; name = ContactsManager.swift; path = Helpers/ContactsManager.swift; sourceTree = "<group>"; };
		E95179481F90D15E0000A08D /* UserCashout.swift */ = {isa = PBXFileReference; lastKnownFileType = sourcecode.swift; name = UserCashout.swift; path = Models/UserCashout.swift; sourceTree = "<group>"; };
		E951794A1F90D1CC0000A08D /* CashoutManager.swift */ = {isa = PBXFileReference; lastKnownFileType = sourcecode.swift; name = CashoutManager.swift; path = Helpers/CashoutManager.swift; sourceTree = "<group>"; };
		E9691F2A1F8E52EC006070F6 /* Base */ = {isa = PBXFileReference; lastKnownFileType = file.storyboard; name = Base; path = Base.lproj/Advert.storyboard; sourceTree = "<group>"; };
		E9798C0D201A416500E8A7D2 /* RegisterViewController.swift */ = {isa = PBXFileReference; fileEncoding = 4; lastKnownFileType = sourcecode.swift; name = RegisterViewController.swift; path = Controllers/Onboarding/RegisterViewController.swift; sourceTree = "<group>"; };
		E9798C0E201A416500E8A7D2 /* LocationRequiredViewController.swift */ = {isa = PBXFileReference; fileEncoding = 4; lastKnownFileType = sourcecode.swift; name = LocationRequiredViewController.swift; path = Controllers/Onboarding/LocationRequiredViewController.swift; sourceTree = "<group>"; };
		E9798C0F201A416500E8A7D2 /* LoginViewController.swift */ = {isa = PBXFileReference; fileEncoding = 4; lastKnownFileType = sourcecode.swift; name = LoginViewController.swift; path = Controllers/Onboarding/LoginViewController.swift; sourceTree = "<group>"; };
		E9798C13201A41AB00E8A7D2 /* LandingViewController.swift */ = {isa = PBXFileReference; lastKnownFileType = sourcecode.swift; name = LandingViewController.swift; path = Controllers/Onboarding/LandingViewController.swift; sourceTree = "<group>"; };
		E9798C15201A430D00E8A7D2 /* Session.swift */ = {isa = PBXFileReference; lastKnownFileType = sourcecode.swift; name = Session.swift; path = Helpers/Session.swift; sourceTree = "<group>"; };
		E9798C17201A43C000E8A7D2 /* ViewControllerExtensions.swift */ = {isa = PBXFileReference; lastKnownFileType = sourcecode.swift; name = ViewControllerExtensions.swift; path = Extensions/ViewControllerExtensions.swift; sourceTree = "<group>"; };
		E9798C1A201A4B5700E8A7D2 /* DashboardViewController.swift */ = {isa = PBXFileReference; fileEncoding = 4; lastKnownFileType = sourcecode.swift; name = DashboardViewController.swift; path = "Jifflr-iOS/Controllers/Dashboard/DashboardViewController.swift"; sourceTree = SOURCE_ROOT; };
		E9798C1E201A4BD200E8A7D2 /* TeamViewController.swift */ = {isa = PBXFileReference; fileEncoding = 4; lastKnownFileType = sourcecode.swift; name = TeamViewController.swift; path = Controllers/Team/TeamViewController.swift; sourceTree = "<group>"; };
		E9798C21201A4C0F00E8A7D2 /* CashoutViewController.swift */ = {isa = PBXFileReference; fileEncoding = 4; lastKnownFileType = sourcecode.swift; name = CashoutViewController.swift; path = "Controllers/My Money/CashoutViewController.swift"; sourceTree = "<group>"; };
		E9798C24201A4C6800E8A7D2 /* AdvertViewController.swift */ = {isa = PBXFileReference; fileEncoding = 4; lastKnownFileType = sourcecode.swift; name = AdvertViewController.swift; path = "Controllers/Play Advert/AdvertViewController.swift"; sourceTree = "<group>"; };
		E9798C27201A4C8E00E8A7D2 /* BinaryFeedbackViewController.swift */ = {isa = PBXFileReference; fileEncoding = 4; lastKnownFileType = sourcecode.swift; path = BinaryFeedbackViewController.swift; sourceTree = "<group>"; };
		E9798C28201A4C8E00E8A7D2 /* FeedbackViewController.swift */ = {isa = PBXFileReference; fileEncoding = 4; lastKnownFileType = sourcecode.swift; path = FeedbackViewController.swift; sourceTree = "<group>"; };
		E9798C29201A4C8E00E8A7D2 /* QAFeedbackViewController.swift */ = {isa = PBXFileReference; fileEncoding = 4; lastKnownFileType = sourcecode.swift; path = QAFeedbackViewController.swift; sourceTree = "<group>"; };
		E9798C2A201A4C8E00E8A7D2 /* RatingFeedbackViewController.swift */ = {isa = PBXFileReference; fileEncoding = 4; lastKnownFileType = sourcecode.swift; path = RatingFeedbackViewController.swift; sourceTree = "<group>"; };
		E9A2CF4C1F8F7BF0008A7F40 /* Advert.swift */ = {isa = PBXFileReference; lastKnownFileType = sourcecode.swift; name = Advert.swift; path = Models/Advert.swift; sourceTree = "<group>"; };
		E9A2CF4E1F8F7CCA008A7F40 /* FeedbackQuestion.swift */ = {isa = PBXFileReference; lastKnownFileType = sourcecode.swift; name = FeedbackQuestion.swift; path = Models/FeedbackQuestion.swift; sourceTree = "<group>"; };
		E9A2CF501F8F7D1D008A7F40 /* FeedbackType.swift */ = {isa = PBXFileReference; lastKnownFileType = sourcecode.swift; name = FeedbackType.swift; path = Models/FeedbackType.swift; sourceTree = "<group>"; };
		E9A2CF521F8F7D87008A7F40 /* Location.swift */ = {isa = PBXFileReference; lastKnownFileType = sourcecode.swift; name = Location.swift; path = Models/Location.swift; sourceTree = "<group>"; };
		E9A2CF541F8F7DEB008A7F40 /* UserSeenAdvert.swift */ = {isa = PBXFileReference; lastKnownFileType = sourcecode.swift; name = UserSeenAdvert.swift; path = Models/UserSeenAdvert.swift; sourceTree = "<group>"; };
		E9A2CF561F8F7F4F008A7F40 /* UserFeedback.swift */ = {isa = PBXFileReference; lastKnownFileType = sourcecode.swift; name = UserFeedback.swift; path = Models/UserFeedback.swift; sourceTree = "<group>"; };
		E9A2CF581F8F90CA008A7F40 /* FeedbackManager.swift */ = {isa = PBXFileReference; lastKnownFileType = sourcecode.swift; name = FeedbackManager.swift; path = Helpers/FeedbackManager.swift; sourceTree = "<group>"; };
		E9A2CF5A1F8FA4A0008A7F40 /* AdvertManager.swift */ = {isa = PBXFileReference; lastKnownFileType = sourcecode.swift; name = AdvertManager.swift; path = Helpers/AdvertManager.swift; sourceTree = "<group>"; };
		E9A7176F1F8B89AC00B07414 /* Jifflr-iOS.app */ = {isa = PBXFileReference; explicitFileType = wrapper.application; includeInIndex = 0; path = "Jifflr-iOS.app"; sourceTree = BUILT_PRODUCTS_DIR; };
		E9A717731F8B89AC00B07414 /* AppDelegate.swift */ = {isa = PBXFileReference; lastKnownFileType = sourcecode.swift; path = AppDelegate.swift; sourceTree = "<group>"; };
		E9A717791F8B89AC00B07414 /* CustomView.swift */ = {isa = PBXFileReference; lastKnownFileType = sourcecode.swift; name = CustomView.swift; path = Views/CustomView.swift; sourceTree = "<group>"; };
		E9A7177C1F8B89AC00B07414 /* PFUser+Extensions.swift */ = {isa = PBXFileReference; lastKnownFileType = sourcecode.swift; name = "PFUser+Extensions.swift"; path = "Models/PFUser+Extensions.swift"; sourceTree = "<group>"; };
		E9A7177F1F8B89AC00B07414 /* Reachability.swift */ = {isa = PBXFileReference; lastKnownFileType = sourcecode.swift; name = Reachability.swift; path = Helpers/Reachability.swift; sourceTree = "<group>"; };
		E9A717811F8B89AC00B07414 /* ErrorMessage.swift */ = {isa = PBXFileReference; lastKnownFileType = sourcecode.swift; name = ErrorMessage.swift; path = Helpers/ErrorMessage.swift; sourceTree = "<group>"; };
		E9A717841F8B89AC00B07414 /* ColorExtensions.swift */ = {isa = PBXFileReference; lastKnownFileType = sourcecode.swift; name = ColorExtensions.swift; path = Extensions/ColorExtensions.swift; sourceTree = "<group>"; };
		E9A717871F8B89AC00B07414 /* Settings.bundle */ = {isa = PBXFileReference; lastKnownFileType = "wrapper.plug-in"; name = Settings.bundle; path = "Supporting Files/Settings.bundle"; sourceTree = "<group>"; };
		E9A717891F8B89AC00B07414 /* App-Info.h */ = {isa = PBXFileReference; lastKnownFileType = sourcecode.c.h; name = "App-Info.h"; path = "Supporting Files/App-Info.h"; sourceTree = "<group>"; };
		E9A7178A1F8B89AC00B07414 /* Bridging-Header.h */ = {isa = PBXFileReference; lastKnownFileType = sourcecode.c.h; name = "Bridging-Header.h"; path = "Supporting Files/Bridging-Header.h"; sourceTree = "<group>"; };
		E9A7178B1F8B89AC00B07414 /* GoogleService-Info.plist */ = {isa = PBXFileReference; lastKnownFileType = text.plist.xml; name = "GoogleService-Info.plist"; path = "Supporting Files/GoogleService-Info.plist"; sourceTree = "<group>"; };
		E9A7178D1F8B89AC00B07414 /* setup.sh */ = {isa = PBXFileReference; lastKnownFileType = text.script.sh; name = setup.sh; path = "Supporting Files/setup.sh"; sourceTree = "<group>"; };
		E9A717901F8B89AC00B07414 /* podfile */ = {isa = PBXFileReference; lastKnownFileType = text; name = podfile; path = ../Libraries/podfile; sourceTree = "<group>"; xcLanguageSpecificationIdentifier = xcode.lang.ruby; };
		E9A717921F8B89AC00B07414 /* Cartfile */ = {isa = PBXFileReference; lastKnownFileType = text; name = Cartfile; path = ../Libraries/Cartfile; sourceTree = "<group>"; };
		E9A717941F8B89AC00B07414 /* Cartfile.private */ = {isa = PBXFileReference; lastKnownFileType = text; name = Cartfile.private; path = ../Libraries/Cartfile.private; sourceTree = "<group>"; };
		E9A717961F8B89AC00B07414 /* .gitignore */ = {isa = PBXFileReference; lastKnownFileType = text; name = .gitignore; path = "Supporting Files/.gitignore"; sourceTree = "<group>"; };
		E9A717981F8B89AC00B07414 /* ReadMe.md */ = {isa = PBXFileReference; lastKnownFileType = net.daringfireball.markdown; name = ReadMe.md; path = "Supporting Files/ReadMe.md"; sourceTree = "<group>"; };
		E9A7179C1F8B89AC00B07414 /* Base */ = {isa = PBXFileReference; lastKnownFileType = file.storyboard; name = Base; path = Base.lproj/LaunchScreen.storyboard; sourceTree = "<group>"; };
		E9A7179F1F8B89AC00B07414 /* Base */ = {isa = PBXFileReference; lastKnownFileType = file.storyboard; name = Base; path = Base.lproj/Main.storyboard; sourceTree = "<group>"; };
		E9A717A11F8B89AC00B07414 /* Assets.xcassets */ = {isa = PBXFileReference; lastKnownFileType = folder.assetcatalog; path = Assets.xcassets; sourceTree = "<group>"; };
		E9A717A31F8B89AC00B07414 /* Info.plist */ = {isa = PBXFileReference; lastKnownFileType = text.plist.xml; path = Info.plist; sourceTree = "<group>"; };
		E9A717A81F8B89AC00B07414 /* Jifflr-iOSTests.xctest */ = {isa = PBXFileReference; explicitFileType = wrapper.cfbundle; includeInIndex = 0; path = "Jifflr-iOSTests.xctest"; sourceTree = BUILT_PRODUCTS_DIR; };
		E9A717AC1F8B89AC00B07414 /* Ad_M8_iOSTests.swift */ = {isa = PBXFileReference; lastKnownFileType = sourcecode.swift; path = Ad_M8_iOSTests.swift; sourceTree = "<group>"; };
		E9A717AE1F8B89AC00B07414 /* Info.plist */ = {isa = PBXFileReference; lastKnownFileType = text.plist.xml; path = Info.plist; sourceTree = "<group>"; };
		E9DBBC3A20163485000B8835 /* en */ = {isa = PBXFileReference; lastKnownFileType = text.plist.strings; name = en; path = en.lproj/Localizable.strings; sourceTree = "<group>"; };
		E9DBBC3C20163494000B8835 /* fr */ = {isa = PBXFileReference; lastKnownFileType = text.plist.strings; name = fr; path = fr.lproj/Localizable.strings; sourceTree = "<group>"; };
		E9E0B5591F8BC5A200CBBA72 /* UserManager.swift */ = {isa = PBXFileReference; lastKnownFileType = sourcecode.swift; name = UserManager.swift; path = Helpers/UserManager.swift; sourceTree = "<group>"; };
		E9E0B55B1F8BD43500CBBA72 /* LocationManager.swift */ = {isa = PBXFileReference; lastKnownFileType = sourcecode.swift; name = LocationManager.swift; path = Helpers/LocationManager.swift; sourceTree = "<group>"; };
		E9E0B55D1F8BD7AE00CBBA72 /* Constants.swift */ = {isa = PBXFileReference; lastKnownFileType = sourcecode.swift; name = Constants.swift; path = "Supporting Files/Constants.swift"; sourceTree = "<group>"; };
		F8FF4091BF05651B49E64C35 /* Pods_Jifflr_iOSTests.framework */ = {isa = PBXFileReference; explicitFileType = wrapper.framework; includeInIndex = 0; path = Pods_Jifflr_iOSTests.framework; sourceTree = BUILT_PRODUCTS_DIR; };
		FB810922D73664E8DEB64CDE /* Pods-Jifflr-iOS.release.xcconfig */ = {isa = PBXFileReference; includeInIndex = 1; lastKnownFileType = text.xcconfig; name = "Pods-Jifflr-iOS.release.xcconfig"; path = "Libraries/Pods/Target Support Files/Pods-Jifflr-iOS/Pods-Jifflr-iOS.release.xcconfig"; sourceTree = "<group>"; };
		FBBDAE828BA926418DF52CD9 /* Pods-Jifflr-iOS.debug.xcconfig */ = {isa = PBXFileReference; includeInIndex = 1; lastKnownFileType = text.xcconfig; name = "Pods-Jifflr-iOS.debug.xcconfig"; path = "Libraries/Pods/Target Support Files/Pods-Jifflr-iOS/Pods-Jifflr-iOS.debug.xcconfig"; sourceTree = "<group>"; };
		FFE0CEDBAD5A5B3C71FABB55 /* Pods-Jifflr-iOS.debug (staging).xcconfig */ = {isa = PBXFileReference; includeInIndex = 1; lastKnownFileType = text.xcconfig; name = "Pods-Jifflr-iOS.debug (staging).xcconfig"; path = "Libraries/Pods/Target Support Files/Pods-Jifflr-iOS/Pods-Jifflr-iOS.debug (staging).xcconfig"; sourceTree = "<group>"; };
/* End PBXFileReference section */

/* Begin PBXFrameworksBuildPhase section */
		E9A7176C1F8B89AC00B07414 /* Frameworks */ = {
			isa = PBXFrameworksBuildPhase;
			buildActionMask = 2147483647;
			files = (
				0D70147B0701131D6414DE5F /* Pods_Jifflr_iOS.framework in Frameworks */,
			);
			runOnlyForDeploymentPostprocessing = 0;
		};
		E9A717A51F8B89AC00B07414 /* Frameworks */ = {
			isa = PBXFrameworksBuildPhase;
			buildActionMask = 2147483647;
			files = (
				D1073B82673BD251B8AE1C31 /* Pods_Ad_M8_iOSTests.framework in Frameworks */,
				550BAAE3001C3569D8793343 /* Pods_Jifflr_iOSTests.framework in Frameworks */,
			);
			runOnlyForDeploymentPostprocessing = 0;
		};
/* End PBXFrameworksBuildPhase section */

/* Begin PBXGroup section */
		33DC5748B12C12E7B5F90575 /* Pods */ = {
			isa = PBXGroup;
			children = (
				2380966C0858B174DFF812D2 /* Pods-Ad-M8-iOS.debug.xcconfig */,
				3EB7AD52FCD41C25D42A21EB /* Pods-Ad-M8-iOS.release.xcconfig */,
				E54E1291EB796CC1BF42599D /* Pods-Ad-M8-iOSTests.debug.xcconfig */,
				21DEB2D3C8A90A7832029F73 /* Pods-Ad-M8-iOSTests.release.xcconfig */,
				FBBDAE828BA926418DF52CD9 /* Pods-Jifflr-iOS.debug.xcconfig */,
				FB810922D73664E8DEB64CDE /* Pods-Jifflr-iOS.release.xcconfig */,
				E0033189681D354654012761 /* Pods-Jifflr-iOSTests.debug.xcconfig */,
				0ED41ABA1C2F0B2DA5F0C041 /* Pods-Jifflr-iOSTests.release.xcconfig */,
				FFE0CEDBAD5A5B3C71FABB55 /* Pods-Jifflr-iOS.debug (staging).xcconfig */,
				D80FD3DF108C60B7DA4C87B6 /* Pods-Jifflr-iOS.debug (production).xcconfig */,
				AAF951B2FEC46F1F10DB96B9 /* Pods-Jifflr-iOS.release (staging).xcconfig */,
				BC97C23DDB55B06FEA083191 /* Pods-Jifflr-iOS.release (production) .xcconfig */,
				A3BEEC78DB5FEBC9B148CB78 /* Pods-Jifflr-iOSTests.debug (staging).xcconfig */,
				5ECFD93B67F4BD2D51848E3E /* Pods-Jifflr-iOSTests.debug (production).xcconfig */,
				5BF98737963D7F5B4AB1E447 /* Pods-Jifflr-iOSTests.release (staging).xcconfig */,
				E586678BDA9C050A99987A39 /* Pods-Jifflr-iOSTests.release (production) .xcconfig */,
			);
			name = Pods;
			sourceTree = "<group>";
		};
		E90C20061FA8DDCC00A42461 /* Models */ = {
			isa = PBXGroup;
			children = (
				E90C1FFC1FA8C24000A42461 /* UserTests.swift */,
				E90C1FFE1FA8D02B00A42461 /* PendingUserTests.swift */,
				E90C20001FA8D16E00A42461 /* AdvertTests.swift */,
				E90C20041FA8DAE500A42461 /* UserSeenAdvertTests.swift */,
			);
			path = Models;
			sourceTree = "<group>";
		};
		E90C20071FA8DDE700A42461 /* Controllers */ = {
			isa = PBXGroup;
			children = (
				E90C20021FA8D5EB00A42461 /* RegistrationViewControllerTests.swift */,
			);
			path = Controllers;
			sourceTree = "<group>";
		};
		E90C20081FA8DDF000A42461 /* Helpers */ = {
			isa = PBXGroup;
			children = (
				E90C20091FA8DE0100A42461 /* UserManagerTests.swift */,
			);
			path = Helpers;
			sourceTree = "<group>";
		};
		E9798C0C201A3FF100E8A7D2 /* Onboarding */ = {
			isa = PBXGroup;
			children = (
				E9798C13201A41AB00E8A7D2 /* LandingViewController.swift */,
				E9798C0F201A416500E8A7D2 /* LoginViewController.swift */,
				E9798C0D201A416500E8A7D2 /* RegisterViewController.swift */,
				E9798C0E201A416500E8A7D2 /* LocationRequiredViewController.swift */,
			);
			name = Onboarding;
			sourceTree = "<group>";
		};
		E9798C19201A4AE200E8A7D2 /* Dashboard */ = {
			isa = PBXGroup;
			children = (
				E9798C1A201A4B5700E8A7D2 /* DashboardViewController.swift */,
			);
			path = Dashboard;
			sourceTree = "<group>";
		};
		E9798C1C201A4B8400E8A7D2 /* Team */ = {
			isa = PBXGroup;
			children = (
				E9798C1E201A4BD200E8A7D2 /* TeamViewController.swift */,
			);
			name = Team;
			sourceTree = "<group>";
		};
		E9798C1D201A4B8D00E8A7D2 /* Ads Viewed */ = {
			isa = PBXGroup;
			children = (
			);
			name = "Ads Viewed";
			sourceTree = "<group>";
		};
		E9798C20201A4BE200E8A7D2 /* My Money */ = {
			isa = PBXGroup;
			children = (
				E9798C21201A4C0F00E8A7D2 /* CashoutViewController.swift */,
			);
			name = "My Money";
			sourceTree = "<group>";
		};
		E9798C23201A4C2B00E8A7D2 /* Play Advert */ = {
			isa = PBXGroup;
			children = (
				E9798C24201A4C6800E8A7D2 /* AdvertViewController.swift */,
				E9798C26201A4C8E00E8A7D2 /* Feedback */,
			);
			name = "Play Advert";
			sourceTree = "<group>";
		};
		E9798C26201A4C8E00E8A7D2 /* Feedback */ = {
			isa = PBXGroup;
			children = (
				E9798C27201A4C8E00E8A7D2 /* BinaryFeedbackViewController.swift */,
				E9798C28201A4C8E00E8A7D2 /* FeedbackViewController.swift */,
				E9798C29201A4C8E00E8A7D2 /* QAFeedbackViewController.swift */,
				E9798C2A201A4C8E00E8A7D2 /* RatingFeedbackViewController.swift */,
			);
			name = Feedback;
			path = Controllers/Feedback;
			sourceTree = "<group>";
		};
		E9A717661F8B89AC00B07414 = {
			isa = PBXGroup;
			children = (
				E9A717711F8B89AC00B07414 /* Jifflr-iOS */,
				E9A717AB1F8B89AC00B07414 /* Jifflr-iOSTests */,
				E9A717701F8B89AC00B07414 /* Products */,
				33DC5748B12C12E7B5F90575 /* Pods */,
				FC9D84FDF4D3E3E4640D1D3A /* Frameworks */,
			);
			sourceTree = "<group>";
		};
		E9A717701F8B89AC00B07414 /* Products */ = {
			isa = PBXGroup;
			children = (
				E9A7176F1F8B89AC00B07414 /* Jifflr-iOS.app */,
				E9A717A81F8B89AC00B07414 /* Jifflr-iOSTests.xctest */,
			);
			name = Products;
			sourceTree = "<group>";
		};
		E9A717711F8B89AC00B07414 /* Jifflr-iOS */ = {
			isa = PBXGroup;
			children = (
				E9A717A11F8B89AC00B07414 /* Assets.xcassets */,
				E9A717A31F8B89AC00B07414 /* Info.plist */,
				E9A717721F8B89AC00B07414 /* App Delegate */,
				E9A717751F8B89AC00B07414 /* Controllers */,
				E9A717781F8B89AC00B07414 /* Views */,
				E9A7177B1F8B89AC00B07414 /* Models */,
				E9A7177E1F8B89AC00B07414 /* Helpers */,
				E9A717831F8B89AC00B07414 /* Extensions */,
				E9A7178F1F8B89AC00B07414 /* Libraries */,
				E9A7179A1F8B89AC00B07414 /* Storyboards */,
				E9A717861F8B89AC00B07414 /* Supporting Files */,
			);
			path = "Jifflr-iOS";
			sourceTree = "<group>";
		};
		E9A717721F8B89AC00B07414 /* App Delegate */ = {
			isa = PBXGroup;
			children = (
				E9A717731F8B89AC00B07414 /* AppDelegate.swift */,
			);
			name = "App Delegate";
			sourceTree = "<group>";
		};
		E9A717751F8B89AC00B07414 /* Controllers */ = {
			isa = PBXGroup;
			children = (
				E9798C0C201A3FF100E8A7D2 /* Onboarding */,
				E9798C19201A4AE200E8A7D2 /* Dashboard */,
				E9798C1C201A4B8400E8A7D2 /* Team */,
				E9798C1D201A4B8D00E8A7D2 /* Ads Viewed */,
				E9798C20201A4BE200E8A7D2 /* My Money */,
				E9798C23201A4C2B00E8A7D2 /* Play Advert */,
			);
			name = Controllers;
			sourceTree = "<group>";
		};
		E9A717781F8B89AC00B07414 /* Views */ = {
			isa = PBXGroup;
			children = (
				E9A717791F8B89AC00B07414 /* CustomView.swift */,
			);
			name = Views;
			sourceTree = "<group>";
		};
		E9A7177B1F8B89AC00B07414 /* Models */ = {
			isa = PBXGroup;
			children = (
				E9A7177C1F8B89AC00B07414 /* PFUser+Extensions.swift */,
				E9488EC91F8CFC4300697862 /* PendingUser.swift */,
				E9A2CF4C1F8F7BF0008A7F40 /* Advert.swift */,
				E9A2CF4E1F8F7CCA008A7F40 /* FeedbackQuestion.swift */,
				E9A2CF501F8F7D1D008A7F40 /* FeedbackType.swift */,
				E9A2CF521F8F7D87008A7F40 /* Location.swift */,
				E9A2CF541F8F7DEB008A7F40 /* UserSeenAdvert.swift */,
				E9A2CF561F8F7F4F008A7F40 /* UserFeedback.swift */,
				E95179481F90D15E0000A08D /* UserCashout.swift */,
			);
			name = Models;
			sourceTree = "<group>";
		};
		E9A7177E1F8B89AC00B07414 /* Helpers */ = {
			isa = PBXGroup;
			children = (
				E9798C15201A430D00E8A7D2 /* Session.swift */,
				E9A7177F1F8B89AC00B07414 /* Reachability.swift */,
				E9A717811F8B89AC00B07414 /* ErrorMessage.swift */,
				E9E0B5591F8BC5A200CBBA72 /* UserManager.swift */,
				E9488ECB1F8D032700697862 /* PendingUserManager.swift */,
				E9E0B55B1F8BD43500CBBA72 /* LocationManager.swift */,
				E9488ECD1F8D0C1C00697862 /* ContactsManager.swift */,
				E9A2CF581F8F90CA008A7F40 /* FeedbackManager.swift */,
				E9A2CF5A1F8FA4A0008A7F40 /* AdvertManager.swift */,
				E951794A1F90D1CC0000A08D /* CashoutManager.swift */,
			);
			name = Helpers;
			sourceTree = "<group>";
		};
		E9A717831F8B89AC00B07414 /* Extensions */ = {
			isa = PBXGroup;
			children = (
				E9A717841F8B89AC00B07414 /* ColorExtensions.swift */,
				E9798C17201A43C000E8A7D2 /* ViewControllerExtensions.swift */,
			);
			name = Extensions;
			sourceTree = "<group>";
		};
		E9A717861F8B89AC00B07414 /* Supporting Files */ = {
			isa = PBXGroup;
			children = (
				E9A717871F8B89AC00B07414 /* Settings.bundle */,
				E9A717891F8B89AC00B07414 /* App-Info.h */,
				E9A7178A1F8B89AC00B07414 /* Bridging-Header.h */,
				E9A7178B1F8B89AC00B07414 /* GoogleService-Info.plist */,
				E9A7178D1F8B89AC00B07414 /* setup.sh */,
				E9A717961F8B89AC00B07414 /* .gitignore */,
				E9A717981F8B89AC00B07414 /* ReadMe.md */,
				E9E0B55D1F8BD7AE00CBBA72 /* Constants.swift */,
				E9DBBC3B20163485000B8835 /* Localizable.strings */,
			);
			name = "Supporting Files";
			sourceTree = "<group>";
		};
		E9A7178F1F8B89AC00B07414 /* Libraries */ = {
			isa = PBXGroup;
			children = (
				E9A717901F8B89AC00B07414 /* podfile */,
				E9A717921F8B89AC00B07414 /* Cartfile */,
				E9A717941F8B89AC00B07414 /* Cartfile.private */,
			);
			name = Libraries;
			sourceTree = "<group>";
		};
		E9A7179A1F8B89AC00B07414 /* Storyboards */ = {
			isa = PBXGroup;
			children = (
				E9A7179B1F8B89AC00B07414 /* LaunchScreen.storyboard */,
				E9A7179E1F8B89AC00B07414 /* Main.storyboard */,
				E9488EC61F8CEFC900697862 /* Dashboard.storyboard */,
				E9691F291F8E52EC006070F6 /* Advert.storyboard */,
			);
			name = Storyboards;
			sourceTree = "<group>";
		};
		E9A717AB1F8B89AC00B07414 /* Jifflr-iOSTests */ = {
			isa = PBXGroup;
			children = (
				E90C20081FA8DDF000A42461 /* Helpers */,
				E90C20071FA8DDE700A42461 /* Controllers */,
				E90C20061FA8DDCC00A42461 /* Models */,
				E9A717AC1F8B89AC00B07414 /* Ad_M8_iOSTests.swift */,
				E9A717AE1F8B89AC00B07414 /* Info.plist */,
			);
			path = "Jifflr-iOSTests";
			sourceTree = "<group>";
		};
		FC9D84FDF4D3E3E4640D1D3A /* Frameworks */ = {
			isa = PBXGroup;
			children = (
				0D4B9A9BE20B6172ABBF5ADC /* Pods_Ad_M8_iOS.framework */,
				1FF4F428DC6F036365223DB8 /* Pods_Ad_M8_iOSTests.framework */,
				3AA78A5D430103A44650FA49 /* Pods_Jifflr_iOS.framework */,
				F8FF4091BF05651B49E64C35 /* Pods_Jifflr_iOSTests.framework */,
			);
			name = Frameworks;
			sourceTree = "<group>";
		};
/* End PBXGroup section */

/* Begin PBXNativeTarget section */
		E9A7176E1F8B89AC00B07414 /* Jifflr-iOS */ = {
			isa = PBXNativeTarget;
			buildConfigurationList = E9A717B11F8B89AC00B07414 /* Build configuration list for PBXNativeTarget "Jifflr-iOS" */;
			buildPhases = (
				64D4BB48A2DA9E60D0B3CE80 /* [CP] Check Pods Manifest.lock */,
				E9A7176B1F8B89AC00B07414 /* Sources */,
				E9A7176C1F8B89AC00B07414 /* Frameworks */,
				E9A7176D1F8B89AC00B07414 /* Resources */,
				5D97304E00ECC13D26B50B86 /* [CP] Embed Pods Frameworks */,
				85D39ACF2B397E18F07F3914 /* [CP] Copy Pods Resources */,
				E951794C1F9116FB0000A08D /* ShellScript */,
			);
			buildRules = (
			);
			dependencies = (
			);
			name = "Jifflr-iOS";
			productName = "Ad-M8-iOS";
			productReference = E9A7176F1F8B89AC00B07414 /* Jifflr-iOS.app */;
			productType = "com.apple.product-type.application";
		};
		E9A717A71F8B89AC00B07414 /* Jifflr-iOSTests */ = {
			isa = PBXNativeTarget;
			buildConfigurationList = E9A717B41F8B89AC00B07414 /* Build configuration list for PBXNativeTarget "Jifflr-iOSTests" */;
			buildPhases = (
				BCF5870EA4134FF39949D618 /* [CP] Check Pods Manifest.lock */,
				E9A717A41F8B89AC00B07414 /* Sources */,
				E9A717A51F8B89AC00B07414 /* Frameworks */,
				E9A717A61F8B89AC00B07414 /* Resources */,
				3CE484BC1B241987E05EF91F /* [CP] Embed Pods Frameworks */,
				F3BD4F98B937ACD69D162F96 /* [CP] Copy Pods Resources */,
			);
			buildRules = (
			);
			dependencies = (
				E9A717AA1F8B89AC00B07414 /* PBXTargetDependency */,
			);
			name = "Jifflr-iOSTests";
			productName = "Ad-M8-iOSTests";
			productReference = E9A717A81F8B89AC00B07414 /* Jifflr-iOSTests.xctest */;
			productType = "com.apple.product-type.bundle.unit-test";
		};
/* End PBXNativeTarget section */

/* Begin PBXProject section */
		E9A717671F8B89AC00B07414 /* Project object */ = {
			isa = PBXProject;
			attributes = {
				LastSwiftUpdateCheck = 0900;
				LastUpgradeCheck = 0900;
				ORGANIZATIONNAME = "The Distance";
				TargetAttributes = {
					E9A7176E1F8B89AC00B07414 = {
						CreatedOnToolsVersion = 9.0;
						ProvisioningStyle = Automatic;
					};
					E9A717A71F8B89AC00B07414 = {
						CreatedOnToolsVersion = 9.0;
						ProvisioningStyle = Automatic;
						TestTargetID = E9A7176E1F8B89AC00B07414;
					};
				};
			};
			buildConfigurationList = E9A7176A1F8B89AC00B07414 /* Build configuration list for PBXProject "Jifflr-iOS" */;
			compatibilityVersion = "Xcode 8.0";
			developmentRegion = en;
			hasScannedForEncodings = 0;
			knownRegions = (
				en,
				Base,
				fr,
			);
			mainGroup = E9A717661F8B89AC00B07414;
			productRefGroup = E9A717701F8B89AC00B07414 /* Products */;
			projectDirPath = "";
			projectRoot = "";
			targets = (
				E9A7176E1F8B89AC00B07414 /* Jifflr-iOS */,
				E9A717A71F8B89AC00B07414 /* Jifflr-iOSTests */,
			);
		};
/* End PBXProject section */

/* Begin PBXResourcesBuildPhase section */
		E9A7176D1F8B89AC00B07414 /* Resources */ = {
			isa = PBXResourcesBuildPhase;
			buildActionMask = 2147483647;
			files = (
				E9A7179D1F8B89AC00B07414 /* LaunchScreen.storyboard in Resources */,
				E9691F2B1F8E52EC006070F6 /* Advert.storyboard in Resources */,
				E9A717A01F8B89AC00B07414 /* Main.storyboard in Resources */,
				E9DBBC3920163485000B8835 /* Localizable.strings in Resources */,
				E9A717A21F8B89AC00B07414 /* Assets.xcassets in Resources */,
				E9A717931F8B89AC00B07414 /* Cartfile in Resources */,
				E9A717971F8B89AC00B07414 /* .gitignore in Resources */,
				E9A717951F8B89AC00B07414 /* Cartfile.private in Resources */,
				E9A7178E1F8B89AC00B07414 /* setup.sh in Resources */,
				E9488EC81F8CEFC900697862 /* Dashboard.storyboard in Resources */,
				E9A717881F8B89AC00B07414 /* Settings.bundle in Resources */,
				E9A717911F8B89AC00B07414 /* podfile in Resources */,
				E9A717991F8B89AC00B07414 /* ReadMe.md in Resources */,
				E9A7178C1F8B89AC00B07414 /* GoogleService-Info.plist in Resources */,
			);
			runOnlyForDeploymentPostprocessing = 0;
		};
		E9A717A61F8B89AC00B07414 /* Resources */ = {
			isa = PBXResourcesBuildPhase;
			buildActionMask = 2147483647;
			files = (
			);
			runOnlyForDeploymentPostprocessing = 0;
		};
/* End PBXResourcesBuildPhase section */

/* Begin PBXShellScriptBuildPhase section */
		3CE484BC1B241987E05EF91F /* [CP] Embed Pods Frameworks */ = {
			isa = PBXShellScriptBuildPhase;
			buildActionMask = 2147483647;
			files = (
			);
			inputPaths = (
				"${SRCROOT}/Libraries/Pods/Target Support Files/Pods-Jifflr-iOSTests/Pods-Jifflr-iOSTests-frameworks.sh",
				"${BUILT_PRODUCTS_DIR}/Bolts/Bolts.framework",
				"${BUILT_PRODUCTS_DIR}/GoogleToolboxForMac/GoogleToolboxForMac.framework",
				"${BUILT_PRODUCTS_DIR}/Parse/Parse.framework",
				"${BUILT_PRODUCTS_DIR}/nanopb/nanopb.framework",
			);
			name = "[CP] Embed Pods Frameworks";
			outputPaths = (
				"${TARGET_BUILD_DIR}/${FRAMEWORKS_FOLDER_PATH}/Bolts.framework",
				"${TARGET_BUILD_DIR}/${FRAMEWORKS_FOLDER_PATH}/GoogleToolboxForMac.framework",
				"${TARGET_BUILD_DIR}/${FRAMEWORKS_FOLDER_PATH}/Parse.framework",
				"${TARGET_BUILD_DIR}/${FRAMEWORKS_FOLDER_PATH}/nanopb.framework",
			);
			runOnlyForDeploymentPostprocessing = 0;
			shellPath = /bin/sh;
			shellScript = "\"${SRCROOT}/Libraries/Pods/Target Support Files/Pods-Jifflr-iOSTests/Pods-Jifflr-iOSTests-frameworks.sh\"\n";
			showEnvVarsInLog = 0;
		};
		5D97304E00ECC13D26B50B86 /* [CP] Embed Pods Frameworks */ = {
			isa = PBXShellScriptBuildPhase;
			buildActionMask = 2147483647;
			files = (
			);
			inputPaths = (
				"${SRCROOT}/Libraries/Pods/Target Support Files/Pods-Jifflr-iOS/Pods-Jifflr-iOS-frameworks.sh",
				"${BUILT_PRODUCTS_DIR}/Alamofire/Alamofire.framework",
				"${BUILT_PRODUCTS_DIR}/Bolts/Bolts.framework",
				"${BUILT_PRODUCTS_DIR}/GoogleToolboxForMac/GoogleToolboxForMac.framework",
				"${BUILT_PRODUCTS_DIR}/IQKeyboardManagerSwift/IQKeyboardManagerSwift.framework",
				"${BUILT_PRODUCTS_DIR}/Localize-Swift/Localize_Swift.framework",
				"${BUILT_PRODUCTS_DIR}/Parse/Parse.framework",
				"${BUILT_PRODUCTS_DIR}/ReactiveSwift/ReactiveSwift.framework",
				"${BUILT_PRODUCTS_DIR}/Result/Result.framework",
				"${BUILT_PRODUCTS_DIR}/TheDistanceComponents/TDCAppDependencies.framework",
				"${BUILT_PRODUCTS_DIR}/TheDistanceCore/TheDistanceCore.framework",
				"${BUILT_PRODUCTS_DIR}/nanopb/nanopb.framework",
			);
			name = "[CP] Embed Pods Frameworks";
			outputPaths = (
				"${TARGET_BUILD_DIR}/${FRAMEWORKS_FOLDER_PATH}/Alamofire.framework",
				"${TARGET_BUILD_DIR}/${FRAMEWORKS_FOLDER_PATH}/Bolts.framework",
				"${TARGET_BUILD_DIR}/${FRAMEWORKS_FOLDER_PATH}/GoogleToolboxForMac.framework",
				"${TARGET_BUILD_DIR}/${FRAMEWORKS_FOLDER_PATH}/IQKeyboardManagerSwift.framework",
				"${TARGET_BUILD_DIR}/${FRAMEWORKS_FOLDER_PATH}/Localize_Swift.framework",
				"${TARGET_BUILD_DIR}/${FRAMEWORKS_FOLDER_PATH}/Parse.framework",
				"${TARGET_BUILD_DIR}/${FRAMEWORKS_FOLDER_PATH}/ReactiveSwift.framework",
				"${TARGET_BUILD_DIR}/${FRAMEWORKS_FOLDER_PATH}/Result.framework",
				"${TARGET_BUILD_DIR}/${FRAMEWORKS_FOLDER_PATH}/TDCAppDependencies.framework",
				"${TARGET_BUILD_DIR}/${FRAMEWORKS_FOLDER_PATH}/TheDistanceCore.framework",
				"${TARGET_BUILD_DIR}/${FRAMEWORKS_FOLDER_PATH}/nanopb.framework",
			);
			runOnlyForDeploymentPostprocessing = 0;
			shellPath = /bin/sh;
			shellScript = "\"${SRCROOT}/Libraries/Pods/Target Support Files/Pods-Jifflr-iOS/Pods-Jifflr-iOS-frameworks.sh\"\n";
			showEnvVarsInLog = 0;
		};
		64D4BB48A2DA9E60D0B3CE80 /* [CP] Check Pods Manifest.lock */ = {
			isa = PBXShellScriptBuildPhase;
			buildActionMask = 2147483647;
			files = (
			);
			inputPaths = (
				"${PODS_PODFILE_DIR_PATH}/Podfile.lock",
				"${PODS_ROOT}/Manifest.lock",
			);
			name = "[CP] Check Pods Manifest.lock";
			outputPaths = (
				"$(DERIVED_FILE_DIR)/Pods-Jifflr-iOS-checkManifestLockResult.txt",
			);
			runOnlyForDeploymentPostprocessing = 0;
			shellPath = /bin/sh;
			shellScript = "diff \"${PODS_PODFILE_DIR_PATH}/Podfile.lock\" \"${PODS_ROOT}/Manifest.lock\" > /dev/null\nif [ $? != 0 ] ; then\n    # print error to STDERR\n    echo \"error: The sandbox is not in sync with the Podfile.lock. Run 'pod install' or update your CocoaPods installation.\" >&2\n    exit 1\nfi\n# This output is used by Xcode 'outputs' to avoid re-running this script phase.\necho \"SUCCESS\" > \"${SCRIPT_OUTPUT_FILE_0}\"\n";
			showEnvVarsInLog = 0;
		};
		85D39ACF2B397E18F07F3914 /* [CP] Copy Pods Resources */ = {
			isa = PBXShellScriptBuildPhase;
			buildActionMask = 2147483647;
			files = (
			);
			inputPaths = (
			);
			name = "[CP] Copy Pods Resources";
			outputPaths = (
			);
			runOnlyForDeploymentPostprocessing = 0;
			shellPath = /bin/sh;
			shellScript = "\"${SRCROOT}/Libraries/Pods/Target Support Files/Pods-Jifflr-iOS/Pods-Jifflr-iOS-resources.sh\"\n";
			showEnvVarsInLog = 0;
		};
		BCF5870EA4134FF39949D618 /* [CP] Check Pods Manifest.lock */ = {
			isa = PBXShellScriptBuildPhase;
			buildActionMask = 2147483647;
			files = (
			);
			inputPaths = (
				"${PODS_PODFILE_DIR_PATH}/Podfile.lock",
				"${PODS_ROOT}/Manifest.lock",
			);
			name = "[CP] Check Pods Manifest.lock";
			outputPaths = (
				"$(DERIVED_FILE_DIR)/Pods-Jifflr-iOSTests-checkManifestLockResult.txt",
			);
			runOnlyForDeploymentPostprocessing = 0;
			shellPath = /bin/sh;
			shellScript = "diff \"${PODS_PODFILE_DIR_PATH}/Podfile.lock\" \"${PODS_ROOT}/Manifest.lock\" > /dev/null\nif [ $? != 0 ] ; then\n    # print error to STDERR\n    echo \"error: The sandbox is not in sync with the Podfile.lock. Run 'pod install' or update your CocoaPods installation.\" >&2\n    exit 1\nfi\n# This output is used by Xcode 'outputs' to avoid re-running this script phase.\necho \"SUCCESS\" > \"${SCRIPT_OUTPUT_FILE_0}\"\n";
			showEnvVarsInLog = 0;
		};
		E951794C1F9116FB0000A08D /* ShellScript */ = {
			isa = PBXShellScriptBuildPhase;
			buildActionMask = 2147483647;
			files = (
			);
			inputPaths = (
			);
			outputPaths = (
			);
			runOnlyForDeploymentPostprocessing = 0;
			shellPath = /bin/sh;
			shellScript = "\"${PODS_ROOT}/Fabric/run\" 015a3121c76ea8baec90c4a97c7bd1976400adad dc9c94e3c240c0f762b3ba151b9bb3c0ddf4271bf6be439432c002315672794f";
		};
		F3BD4F98B937ACD69D162F96 /* [CP] Copy Pods Resources */ = {
			isa = PBXShellScriptBuildPhase;
			buildActionMask = 2147483647;
			files = (
			);
			inputPaths = (
			);
			name = "[CP] Copy Pods Resources";
			outputPaths = (
			);
			runOnlyForDeploymentPostprocessing = 0;
			shellPath = /bin/sh;
			shellScript = "\"${SRCROOT}/Libraries/Pods/Target Support Files/Pods-Jifflr-iOSTests/Pods-Jifflr-iOSTests-resources.sh\"\n";
			showEnvVarsInLog = 0;
		};
/* End PBXShellScriptBuildPhase section */

/* Begin PBXSourcesBuildPhase section */
		E9A7176B1F8B89AC00B07414 /* Sources */ = {
			isa = PBXSourcesBuildPhase;
			buildActionMask = 2147483647;
			files = (
				E9798C16201A430D00E8A7D2 /* Session.swift in Sources */,
				E9798C2B201A4C8E00E8A7D2 /* BinaryFeedbackViewController.swift in Sources */,
				E9E0B55A1F8BC5A200CBBA72 /* UserManager.swift in Sources */,
				E9E0B55E1F8BD7AE00CBBA72 /* Constants.swift in Sources */,
				E95179491F90D15E0000A08D /* UserCashout.swift in Sources */,
				E9A2CF4D1F8F7BF0008A7F40 /* Advert.swift in Sources */,
				E9488ECC1F8D032700697862 /* PendingUserManager.swift in Sources */,
				E9A2CF511F8F7D1D008A7F40 /* FeedbackType.swift in Sources */,
				E9A2CF531F8F7D87008A7F40 /* Location.swift in Sources */,
				E9A2CF591F8F90CA008A7F40 /* FeedbackManager.swift in Sources */,
				E9A7177A1F8B89AC00B07414 /* CustomView.swift in Sources */,
				E9E0B55C1F8BD43500CBBA72 /* LocationManager.swift in Sources */,
				E9A7177D1F8B89AC00B07414 /* PFUser+Extensions.swift in Sources */,
				E9A2CF571F8F7F4F008A7F40 /* UserFeedback.swift in Sources */,
				E9488ECE1F8D0C1C00697862 /* ContactsManager.swift in Sources */,
				E9798C2D201A4C8E00E8A7D2 /* QAFeedbackViewController.swift in Sources */,
				E9798C18201A43C000E8A7D2 /* ViewControllerExtensions.swift in Sources */,
				E9A2CF551F8F7DEB008A7F40 /* UserSeenAdvert.swift in Sources */,
				E9798C1B201A4B5700E8A7D2 /* DashboardViewController.swift in Sources */,
				E951794B1F90D1CC0000A08D /* CashoutManager.swift in Sources */,
				E9798C2C201A4C8E00E8A7D2 /* FeedbackViewController.swift in Sources */,
				E9A717801F8B89AC00B07414 /* Reachability.swift in Sources */,
				E9798C12201A416600E8A7D2 /* LoginViewController.swift in Sources */,
				E9798C10201A416600E8A7D2 /* RegisterViewController.swift in Sources */,
				E9798C22201A4C0F00E8A7D2 /* CashoutViewController.swift in Sources */,
				E9798C1F201A4BD200E8A7D2 /* TeamViewController.swift in Sources */,
				E9488ECA1F8CFC4300697862 /* PendingUser.swift in Sources */,
				E9A717821F8B89AC00B07414 /* ErrorMessage.swift in Sources */,
				E9798C11201A416600E8A7D2 /* LocationRequiredViewController.swift in Sources */,
				E9A2CF5B1F8FA4A0008A7F40 /* AdvertManager.swift in Sources */,
				E9A717741F8B89AC00B07414 /* AppDelegate.swift in Sources */,
				E9A717851F8B89AC00B07414 /* ColorExtensions.swift in Sources */,
				E9798C14201A41AB00E8A7D2 /* LandingViewController.swift in Sources */,
				E9798C25201A4C6800E8A7D2 /* AdvertViewController.swift in Sources */,
				E9798C2E201A4C8E00E8A7D2 /* RatingFeedbackViewController.swift in Sources */,
				E9A2CF4F1F8F7CCA008A7F40 /* FeedbackQuestion.swift in Sources */,
			);
			runOnlyForDeploymentPostprocessing = 0;
		};
		E9A717A41F8B89AC00B07414 /* Sources */ = {
			isa = PBXSourcesBuildPhase;
			buildActionMask = 2147483647;
			files = (
				E90C1FFD1FA8C24000A42461 /* UserTests.swift in Sources */,
				E90C20051FA8DAE500A42461 /* UserSeenAdvertTests.swift in Sources */,
				E90C20011FA8D16E00A42461 /* AdvertTests.swift in Sources */,
				E90C200A1FA8DE0100A42461 /* UserManagerTests.swift in Sources */,
				E9A717AD1F8B89AC00B07414 /* Ad_M8_iOSTests.swift in Sources */,
				E90C1FFF1FA8D02B00A42461 /* PendingUserTests.swift in Sources */,
				E90C20031FA8D5EB00A42461 /* RegistrationViewControllerTests.swift in Sources */,
			);
			runOnlyForDeploymentPostprocessing = 0;
		};
/* End PBXSourcesBuildPhase section */

/* Begin PBXTargetDependency section */
		E9A717AA1F8B89AC00B07414 /* PBXTargetDependency */ = {
			isa = PBXTargetDependency;
			target = E9A7176E1F8B89AC00B07414 /* Jifflr-iOS */;
			targetProxy = E9A717A91F8B89AC00B07414 /* PBXContainerItemProxy */;
		};
/* End PBXTargetDependency section */

/* Begin PBXVariantGroup section */
		E9488EC61F8CEFC900697862 /* Dashboard.storyboard */ = {
			isa = PBXVariantGroup;
			children = (
				E9488EC71F8CEFC900697862 /* Base */,
			);
			name = Dashboard.storyboard;
			sourceTree = "<group>";
		};
		E9691F291F8E52EC006070F6 /* Advert.storyboard */ = {
			isa = PBXVariantGroup;
			children = (
				E9691F2A1F8E52EC006070F6 /* Base */,
			);
			name = Advert.storyboard;
			sourceTree = "<group>";
		};
		E9A7179B1F8B89AC00B07414 /* LaunchScreen.storyboard */ = {
			isa = PBXVariantGroup;
			children = (
				E9A7179C1F8B89AC00B07414 /* Base */,
			);
			name = LaunchScreen.storyboard;
			sourceTree = "<group>";
		};
		E9A7179E1F8B89AC00B07414 /* Main.storyboard */ = {
			isa = PBXVariantGroup;
			children = (
				E9A7179F1F8B89AC00B07414 /* Base */,
			);
			name = Main.storyboard;
			sourceTree = "<group>";
		};
		E9DBBC3B20163485000B8835 /* Localizable.strings */ = {
			isa = PBXVariantGroup;
			children = (
				E9DBBC3A20163485000B8835 /* en */,
				E9DBBC3C20163494000B8835 /* fr */,
			);
			name = Localizable.strings;
			path = "Supporting Files";
			sourceTree = "<group>";
		};
/* End PBXVariantGroup section */

/* Begin XCBuildConfiguration section */
		E9A717AF1F8B89AC00B07414 /* Debug (Staging) */ = {
			isa = XCBuildConfiguration;
			buildSettings = {
				ALWAYS_SEARCH_USER_PATHS = NO;
				CLANG_ANALYZER_LOCALIZABILITY_NONLOCALIZED = YES;
				CLANG_ANALYZER_NONNULL = YES;
				CLANG_ANALYZER_NUMBER_OBJECT_CONVERSION = YES_AGGRESSIVE;
				CLANG_CXX_LANGUAGE_STANDARD = "gnu++14";
				CLANG_CXX_LIBRARY = "libc++";
				CLANG_ENABLE_MODULES = YES;
				CLANG_ENABLE_OBJC_ARC = YES;
				CLANG_WARN_BLOCK_CAPTURE_AUTORELEASING = YES;
				CLANG_WARN_BOOL_CONVERSION = YES;
				CLANG_WARN_COMMA = YES;
				CLANG_WARN_CONSTANT_CONVERSION = YES;
				CLANG_WARN_DIRECT_OBJC_ISA_USAGE = YES_ERROR;
				CLANG_WARN_DOCUMENTATION_COMMENTS = YES;
				CLANG_WARN_EMPTY_BODY = YES;
				CLANG_WARN_ENUM_CONVERSION = YES;
				CLANG_WARN_INFINITE_RECURSION = YES;
				CLANG_WARN_INT_CONVERSION = YES;
				CLANG_WARN_NON_LITERAL_NULL_CONVERSION = YES;
				CLANG_WARN_OBJC_LITERAL_CONVERSION = YES;
				CLANG_WARN_OBJC_ROOT_CLASS = YES_ERROR;
				CLANG_WARN_RANGE_LOOP_ANALYSIS = YES;
				CLANG_WARN_STRICT_PROTOTYPES = YES;
				CLANG_WARN_SUSPICIOUS_MOVE = YES;
				CLANG_WARN_UNGUARDED_AVAILABILITY = YES_AGGRESSIVE;
				CLANG_WARN_UNREACHABLE_CODE = YES;
				CLANG_WARN__DUPLICATE_METHOD_MATCH = YES;
				CODE_SIGN_IDENTITY = "iPhone Developer";
				COPY_PHASE_STRIP = NO;
				DEBUG_INFORMATION_FORMAT = dwarf;
				ENABLE_STRICT_OBJC_MSGSEND = YES;
				ENABLE_TESTABILITY = YES;
				GCC_C_LANGUAGE_STANDARD = gnu11;
				GCC_DYNAMIC_NO_PIC = NO;
				GCC_NO_COMMON_BLOCKS = YES;
				GCC_OPTIMIZATION_LEVEL = 0;
				GCC_PREPROCESSOR_DEFINITIONS = (
					"DEBUG=1",
					"$(inherited)",
				);
				GCC_WARN_64_TO_32_BIT_CONVERSION = YES;
				GCC_WARN_ABOUT_RETURN_TYPE = YES_ERROR;
				GCC_WARN_UNDECLARED_SELECTOR = YES;
				GCC_WARN_UNINITIALIZED_AUTOS = YES_AGGRESSIVE;
				GCC_WARN_UNUSED_FUNCTION = YES;
				GCC_WARN_UNUSED_VARIABLE = YES;
				IPHONEOS_DEPLOYMENT_TARGET = 11.0;
				MTL_ENABLE_DEBUG_INFO = YES;
				ONLY_ACTIVE_ARCH = YES;
				SDKROOT = iphoneos;
				SWIFT_ACTIVE_COMPILATION_CONDITIONS = DEBUG;
				SWIFT_OPTIMIZATION_LEVEL = "-Onone";
			};
			name = "Debug (Staging)";
		};
		E9A717B01F8B89AC00B07414 /* Release (Staging) */ = {
			isa = XCBuildConfiguration;
			buildSettings = {
				ALWAYS_SEARCH_USER_PATHS = NO;
				CLANG_ANALYZER_LOCALIZABILITY_NONLOCALIZED = YES;
				CLANG_ANALYZER_NONNULL = YES;
				CLANG_ANALYZER_NUMBER_OBJECT_CONVERSION = YES_AGGRESSIVE;
				CLANG_CXX_LANGUAGE_STANDARD = "gnu++14";
				CLANG_CXX_LIBRARY = "libc++";
				CLANG_ENABLE_MODULES = YES;
				CLANG_ENABLE_OBJC_ARC = YES;
				CLANG_WARN_BLOCK_CAPTURE_AUTORELEASING = YES;
				CLANG_WARN_BOOL_CONVERSION = YES;
				CLANG_WARN_COMMA = YES;
				CLANG_WARN_CONSTANT_CONVERSION = YES;
				CLANG_WARN_DIRECT_OBJC_ISA_USAGE = YES_ERROR;
				CLANG_WARN_DOCUMENTATION_COMMENTS = YES;
				CLANG_WARN_EMPTY_BODY = YES;
				CLANG_WARN_ENUM_CONVERSION = YES;
				CLANG_WARN_INFINITE_RECURSION = YES;
				CLANG_WARN_INT_CONVERSION = YES;
				CLANG_WARN_NON_LITERAL_NULL_CONVERSION = YES;
				CLANG_WARN_OBJC_LITERAL_CONVERSION = YES;
				CLANG_WARN_OBJC_ROOT_CLASS = YES_ERROR;
				CLANG_WARN_RANGE_LOOP_ANALYSIS = YES;
				CLANG_WARN_STRICT_PROTOTYPES = YES;
				CLANG_WARN_SUSPICIOUS_MOVE = YES;
				CLANG_WARN_UNGUARDED_AVAILABILITY = YES_AGGRESSIVE;
				CLANG_WARN_UNREACHABLE_CODE = YES;
				CLANG_WARN__DUPLICATE_METHOD_MATCH = YES;
				CODE_SIGN_IDENTITY = "iPhone Developer";
				COPY_PHASE_STRIP = NO;
				DEBUG_INFORMATION_FORMAT = "dwarf-with-dsym";
				ENABLE_NS_ASSERTIONS = NO;
				ENABLE_STRICT_OBJC_MSGSEND = YES;
				GCC_C_LANGUAGE_STANDARD = gnu11;
				GCC_NO_COMMON_BLOCKS = YES;
				GCC_WARN_64_TO_32_BIT_CONVERSION = YES;
				GCC_WARN_ABOUT_RETURN_TYPE = YES_ERROR;
				GCC_WARN_UNDECLARED_SELECTOR = YES;
				GCC_WARN_UNINITIALIZED_AUTOS = YES_AGGRESSIVE;
				GCC_WARN_UNUSED_FUNCTION = YES;
				GCC_WARN_UNUSED_VARIABLE = YES;
				IPHONEOS_DEPLOYMENT_TARGET = 11.0;
				MTL_ENABLE_DEBUG_INFO = NO;
				SDKROOT = iphoneos;
				SWIFT_OPTIMIZATION_LEVEL = "-Owholemodule";
				VALIDATE_PRODUCT = YES;
			};
			name = "Release (Staging)";
		};
		E9A717B21F8B89AC00B07414 /* Debug (Staging) */ = {
			isa = XCBuildConfiguration;
			baseConfigurationReference = FFE0CEDBAD5A5B3C71FABB55 /* Pods-Jifflr-iOS.debug (staging).xcconfig */;
			buildSettings = {
				ASSETCATALOG_COMPILER_APPICON_NAME = AppIcon;
				ASSETCATALOG_COMPILER_LAUNCHIMAGE_NAME = LaunchImage;
				CODE_SIGN_STYLE = Automatic;
				DEVELOPMENT_TEAM = RA4PB2C3M4;
				FRAMEWORK_SEARCH_PATHS = "$(inherited)";
				INFOPLIST_FILE = "$(SRCROOT)/Jifflr-iOS/Info.plist";
				INFOPLIST_PREFIX_HEADER = "${PRODUCT_NAME}/Supporting Files/App-Info.h";
				INFOPLIST_PREPROCESS = YES;
				IPHONEOS_DEPLOYMENT_TARGET = 10.0;
				LD_RUNPATH_SEARCH_PATHS = "$(inherited) @executable_path/Frameworks";
				PRODUCT_BUNDLE_IDENTIFIER = "com.thedistance.Jifflr-iOS";
				PRODUCT_NAME = "$(TARGET_NAME)";
				SWIFT_OBJC_BRIDGING_HEADER = "${PRODUCT_NAME}/Supporting Files/Bridging-Header.h";
				SWIFT_VERSION = 4.0;
				TARGETED_DEVICE_FAMILY = "1,2";
			};
			name = "Debug (Staging)";
		};
		E9A717B31F8B89AC00B07414 /* Release (Staging) */ = {
			isa = XCBuildConfiguration;
			baseConfigurationReference = AAF951B2FEC46F1F10DB96B9 /* Pods-Jifflr-iOS.release (staging).xcconfig */;
			buildSettings = {
				ASSETCATALOG_COMPILER_APPICON_NAME = AppIcon;
				ASSETCATALOG_COMPILER_LAUNCHIMAGE_NAME = LaunchImage;
				CODE_SIGN_STYLE = Automatic;
				DEVELOPMENT_TEAM = RA4PB2C3M4;
				FRAMEWORK_SEARCH_PATHS = "$(inherited)";
				INFOPLIST_FILE = "$(SRCROOT)/Jifflr-iOS/Info.plist";
				INFOPLIST_PREFIX_HEADER = "${PRODUCT_NAME}/Supporting Files/App-Info.h";
				INFOPLIST_PREPROCESS = YES;
				IPHONEOS_DEPLOYMENT_TARGET = 10.0;
				LD_RUNPATH_SEARCH_PATHS = "$(inherited) @executable_path/Frameworks";
				PRODUCT_BUNDLE_IDENTIFIER = "com.thedistance.Jifflr-iOS";
				PRODUCT_NAME = "$(TARGET_NAME)";
				SWIFT_OBJC_BRIDGING_HEADER = "${PRODUCT_NAME}/Supporting Files/Bridging-Header.h";
				SWIFT_VERSION = 4.0;
				TARGETED_DEVICE_FAMILY = "1,2";
			};
			name = "Release (Staging)";
		};
		E9A717B51F8B89AC00B07414 /* Debug (Staging) */ = {
			isa = XCBuildConfiguration;
			baseConfigurationReference = A3BEEC78DB5FEBC9B148CB78 /* Pods-Jifflr-iOSTests.debug (staging).xcconfig */;
			buildSettings = {
				ALWAYS_EMBED_SWIFT_STANDARD_LIBRARIES = YES;
				BUNDLE_LOADER = "$(TEST_HOST)";
				CODE_SIGN_STYLE = Automatic;
				DEVELOPMENT_TEAM = RA4PB2C3M4;
				INFOPLIST_FILE = "Ad-M8-iOSTests/Info.plist";
				LD_RUNPATH_SEARCH_PATHS = "$(inherited) @executable_path/Frameworks @loader_path/Frameworks";
				PRODUCT_BUNDLE_IDENTIFIER = "com.thedistance.Ad-M8-iOSTests";
				PRODUCT_NAME = "$(TARGET_NAME)";
				SWIFT_VERSION = 4.0;
				TARGETED_DEVICE_FAMILY = "1,2";
				TEST_HOST = "$(BUILT_PRODUCTS_DIR)/Jifflr-iOS.app/Jifflr-iOS";
			};
			name = "Debug (Staging)";
		};
		E9A717B61F8B89AC00B07414 /* Release (Staging) */ = {
			isa = XCBuildConfiguration;
			baseConfigurationReference = 5BF98737963D7F5B4AB1E447 /* Pods-Jifflr-iOSTests.release (staging).xcconfig */;
			buildSettings = {
				ALWAYS_EMBED_SWIFT_STANDARD_LIBRARIES = YES;
				BUNDLE_LOADER = "$(TEST_HOST)";
				CODE_SIGN_STYLE = Automatic;
				DEVELOPMENT_TEAM = RA4PB2C3M4;
				INFOPLIST_FILE = "Ad-M8-iOSTests/Info.plist";
				LD_RUNPATH_SEARCH_PATHS = "$(inherited) @executable_path/Frameworks @loader_path/Frameworks";
				PRODUCT_BUNDLE_IDENTIFIER = "com.thedistance.Ad-M8-iOSTests";
				PRODUCT_NAME = "$(TARGET_NAME)";
				SWIFT_VERSION = 4.0;
				TARGETED_DEVICE_FAMILY = "1,2";
				TEST_HOST = "$(BUILT_PRODUCTS_DIR)/Jifflr-iOS.app/Jifflr-iOS";
			};
			name = "Release (Staging)";
		};
		E9DBBC2B201622E5000B8835 /* Debug (Production) */ = {
			isa = XCBuildConfiguration;
			buildSettings = {
				ALWAYS_SEARCH_USER_PATHS = NO;
				CLANG_ANALYZER_LOCALIZABILITY_NONLOCALIZED = YES;
				CLANG_ANALYZER_NONNULL = YES;
				CLANG_ANALYZER_NUMBER_OBJECT_CONVERSION = YES_AGGRESSIVE;
				CLANG_CXX_LANGUAGE_STANDARD = "gnu++14";
				CLANG_CXX_LIBRARY = "libc++";
				CLANG_ENABLE_MODULES = YES;
				CLANG_ENABLE_OBJC_ARC = YES;
				CLANG_WARN_BLOCK_CAPTURE_AUTORELEASING = YES;
				CLANG_WARN_BOOL_CONVERSION = YES;
				CLANG_WARN_COMMA = YES;
				CLANG_WARN_CONSTANT_CONVERSION = YES;
				CLANG_WARN_DIRECT_OBJC_ISA_USAGE = YES_ERROR;
				CLANG_WARN_DOCUMENTATION_COMMENTS = YES;
				CLANG_WARN_EMPTY_BODY = YES;
				CLANG_WARN_ENUM_CONVERSION = YES;
				CLANG_WARN_INFINITE_RECURSION = YES;
				CLANG_WARN_INT_CONVERSION = YES;
				CLANG_WARN_NON_LITERAL_NULL_CONVERSION = YES;
				CLANG_WARN_OBJC_LITERAL_CONVERSION = YES;
				CLANG_WARN_OBJC_ROOT_CLASS = YES_ERROR;
				CLANG_WARN_RANGE_LOOP_ANALYSIS = YES;
				CLANG_WARN_STRICT_PROTOTYPES = YES;
				CLANG_WARN_SUSPICIOUS_MOVE = YES;
				CLANG_WARN_UNGUARDED_AVAILABILITY = YES_AGGRESSIVE;
				CLANG_WARN_UNREACHABLE_CODE = YES;
				CLANG_WARN__DUPLICATE_METHOD_MATCH = YES;
				CODE_SIGN_IDENTITY = "iPhone Developer";
				COPY_PHASE_STRIP = NO;
				DEBUG_INFORMATION_FORMAT = dwarf;
				ENABLE_STRICT_OBJC_MSGSEND = YES;
				ENABLE_TESTABILITY = YES;
				GCC_C_LANGUAGE_STANDARD = gnu11;
				GCC_DYNAMIC_NO_PIC = NO;
				GCC_NO_COMMON_BLOCKS = YES;
				GCC_OPTIMIZATION_LEVEL = 0;
				GCC_PREPROCESSOR_DEFINITIONS = (
					"DEBUG=1",
					"$(inherited)",
				);
				GCC_WARN_64_TO_32_BIT_CONVERSION = YES;
				GCC_WARN_ABOUT_RETURN_TYPE = YES_ERROR;
				GCC_WARN_UNDECLARED_SELECTOR = YES;
				GCC_WARN_UNINITIALIZED_AUTOS = YES_AGGRESSIVE;
				GCC_WARN_UNUSED_FUNCTION = YES;
				GCC_WARN_UNUSED_VARIABLE = YES;
				IPHONEOS_DEPLOYMENT_TARGET = 11.0;
				MTL_ENABLE_DEBUG_INFO = YES;
				ONLY_ACTIVE_ARCH = YES;
				SDKROOT = iphoneos;
				SWIFT_ACTIVE_COMPILATION_CONDITIONS = DEBUG;
				SWIFT_OPTIMIZATION_LEVEL = "-Onone";
			};
			name = "Debug (Production)";
		};
		E9DBBC2C201622E5000B8835 /* Debug (Production) */ = {
			isa = XCBuildConfiguration;
			baseConfigurationReference = D80FD3DF108C60B7DA4C87B6 /* Pods-Jifflr-iOS.debug (production).xcconfig */;
			buildSettings = {
				ASSETCATALOG_COMPILER_APPICON_NAME = AppIcon;
				ASSETCATALOG_COMPILER_LAUNCHIMAGE_NAME = LaunchImage;
				CODE_SIGN_STYLE = Automatic;
				DEVELOPMENT_TEAM = RA4PB2C3M4;
				FRAMEWORK_SEARCH_PATHS = "$(inherited)";
				INFOPLIST_FILE = "$(SRCROOT)/Jifflr-iOS/Info.plist";
				INFOPLIST_PREFIX_HEADER = "${PRODUCT_NAME}/Supporting Files/App-Info.h";
				INFOPLIST_PREPROCESS = YES;
				IPHONEOS_DEPLOYMENT_TARGET = 10.0;
				LD_RUNPATH_SEARCH_PATHS = "$(inherited) @executable_path/Frameworks";
				PRODUCT_BUNDLE_IDENTIFIER = "com.thedistance.Jifflr-iOS";
				PRODUCT_NAME = "$(TARGET_NAME)";
				SWIFT_OBJC_BRIDGING_HEADER = "${PRODUCT_NAME}/Supporting Files/Bridging-Header.h";
				SWIFT_VERSION = 4.0;
				TARGETED_DEVICE_FAMILY = "1,2";
			};
			name = "Debug (Production)";
		};
		E9DBBC2D201622E5000B8835 /* Debug (Production) */ = {
			isa = XCBuildConfiguration;
			baseConfigurationReference = 5ECFD93B67F4BD2D51848E3E /* Pods-Jifflr-iOSTests.debug (production).xcconfig */;
			buildSettings = {
				ALWAYS_EMBED_SWIFT_STANDARD_LIBRARIES = YES;
				BUNDLE_LOADER = "$(TEST_HOST)";
				CODE_SIGN_STYLE = Automatic;
				DEVELOPMENT_TEAM = RA4PB2C3M4;
				INFOPLIST_FILE = "Ad-M8-iOSTests/Info.plist";
				LD_RUNPATH_SEARCH_PATHS = "$(inherited) @executable_path/Frameworks @loader_path/Frameworks";
				PRODUCT_BUNDLE_IDENTIFIER = "com.thedistance.Ad-M8-iOSTests";
				PRODUCT_NAME = "$(TARGET_NAME)";
				SWIFT_VERSION = 4.0;
				TARGETED_DEVICE_FAMILY = "1,2";
				TEST_HOST = "$(BUILT_PRODUCTS_DIR)/Jifflr-iOS.app/Jifflr-iOS";
			};
			name = "Debug (Production)";
		};
		E9DBBC2E201622FF000B8835 /* Release (Production)  */ = {
			isa = XCBuildConfiguration;
			buildSettings = {
				ALWAYS_SEARCH_USER_PATHS = NO;
				CLANG_ANALYZER_LOCALIZABILITY_NONLOCALIZED = YES;
				CLANG_ANALYZER_NONNULL = YES;
				CLANG_ANALYZER_NUMBER_OBJECT_CONVERSION = YES_AGGRESSIVE;
				CLANG_CXX_LANGUAGE_STANDARD = "gnu++14";
				CLANG_CXX_LIBRARY = "libc++";
				CLANG_ENABLE_MODULES = YES;
				CLANG_ENABLE_OBJC_ARC = YES;
				CLANG_WARN_BLOCK_CAPTURE_AUTORELEASING = YES;
				CLANG_WARN_BOOL_CONVERSION = YES;
				CLANG_WARN_COMMA = YES;
				CLANG_WARN_CONSTANT_CONVERSION = YES;
				CLANG_WARN_DIRECT_OBJC_ISA_USAGE = YES_ERROR;
				CLANG_WARN_DOCUMENTATION_COMMENTS = YES;
				CLANG_WARN_EMPTY_BODY = YES;
				CLANG_WARN_ENUM_CONVERSION = YES;
				CLANG_WARN_INFINITE_RECURSION = YES;
				CLANG_WARN_INT_CONVERSION = YES;
				CLANG_WARN_NON_LITERAL_NULL_CONVERSION = YES;
				CLANG_WARN_OBJC_LITERAL_CONVERSION = YES;
				CLANG_WARN_OBJC_ROOT_CLASS = YES_ERROR;
				CLANG_WARN_RANGE_LOOP_ANALYSIS = YES;
				CLANG_WARN_STRICT_PROTOTYPES = YES;
				CLANG_WARN_SUSPICIOUS_MOVE = YES;
				CLANG_WARN_UNGUARDED_AVAILABILITY = YES_AGGRESSIVE;
				CLANG_WARN_UNREACHABLE_CODE = YES;
				CLANG_WARN__DUPLICATE_METHOD_MATCH = YES;
				CODE_SIGN_IDENTITY = "iPhone Developer";
				COPY_PHASE_STRIP = NO;
				DEBUG_INFORMATION_FORMAT = "dwarf-with-dsym";
				ENABLE_NS_ASSERTIONS = NO;
				ENABLE_STRICT_OBJC_MSGSEND = YES;
				GCC_C_LANGUAGE_STANDARD = gnu11;
				GCC_NO_COMMON_BLOCKS = YES;
				GCC_WARN_64_TO_32_BIT_CONVERSION = YES;
				GCC_WARN_ABOUT_RETURN_TYPE = YES_ERROR;
				GCC_WARN_UNDECLARED_SELECTOR = YES;
				GCC_WARN_UNINITIALIZED_AUTOS = YES_AGGRESSIVE;
				GCC_WARN_UNUSED_FUNCTION = YES;
				GCC_WARN_UNUSED_VARIABLE = YES;
				IPHONEOS_DEPLOYMENT_TARGET = 11.0;
				MTL_ENABLE_DEBUG_INFO = NO;
				SDKROOT = iphoneos;
				SWIFT_OPTIMIZATION_LEVEL = "-Owholemodule";
				VALIDATE_PRODUCT = YES;
			};
			name = "Release (Production) ";
		};
		E9DBBC2F201622FF000B8835 /* Release (Production)  */ = {
			isa = XCBuildConfiguration;
			baseConfigurationReference = BC97C23DDB55B06FEA083191 /* Pods-Jifflr-iOS.release (production) .xcconfig */;
			buildSettings = {
				ASSETCATALOG_COMPILER_APPICON_NAME = AppIcon;
				ASSETCATALOG_COMPILER_LAUNCHIMAGE_NAME = LaunchImage;
				CODE_SIGN_STYLE = Automatic;
				DEVELOPMENT_TEAM = RA4PB2C3M4;
				FRAMEWORK_SEARCH_PATHS = "$(inherited)";
				INFOPLIST_FILE = "$(SRCROOT)/Jifflr-iOS/Info.plist";
				INFOPLIST_PREFIX_HEADER = "${PRODUCT_NAME}/Supporting Files/App-Info.h";
				INFOPLIST_PREPROCESS = YES;
				IPHONEOS_DEPLOYMENT_TARGET = 10.0;
				LD_RUNPATH_SEARCH_PATHS = "$(inherited) @executable_path/Frameworks";
				PRODUCT_BUNDLE_IDENTIFIER = "com.thedistance.Jifflr-iOS";
				PRODUCT_NAME = "$(TARGET_NAME)";
				SWIFT_OBJC_BRIDGING_HEADER = "${PRODUCT_NAME}/Supporting Files/Bridging-Header.h";
				SWIFT_VERSION = 4.0;
				TARGETED_DEVICE_FAMILY = "1,2";
			};
			name = "Release (Production) ";
		};
		E9DBBC30201622FF000B8835 /* Release (Production)  */ = {
			isa = XCBuildConfiguration;
			baseConfigurationReference = E586678BDA9C050A99987A39 /* Pods-Jifflr-iOSTests.release (production) .xcconfig */;
			buildSettings = {
				ALWAYS_EMBED_SWIFT_STANDARD_LIBRARIES = YES;
				BUNDLE_LOADER = "$(TEST_HOST)";
				CODE_SIGN_STYLE = Automatic;
				DEVELOPMENT_TEAM = RA4PB2C3M4;
				INFOPLIST_FILE = "Ad-M8-iOSTests/Info.plist";
				LD_RUNPATH_SEARCH_PATHS = "$(inherited) @executable_path/Frameworks @loader_path/Frameworks";
				PRODUCT_BUNDLE_IDENTIFIER = "com.thedistance.Ad-M8-iOSTests";
				PRODUCT_NAME = "$(TARGET_NAME)";
				SWIFT_VERSION = 4.0;
				TARGETED_DEVICE_FAMILY = "1,2";
				TEST_HOST = "$(BUILT_PRODUCTS_DIR)/Jifflr-iOS.app/Jifflr-iOS";
			};
			name = "Release (Production) ";
		};
/* End XCBuildConfiguration section */

/* Begin XCConfigurationList section */
		E9A7176A1F8B89AC00B07414 /* Build configuration list for PBXProject "Jifflr-iOS" */ = {
			isa = XCConfigurationList;
			buildConfigurations = (
				E9A717AF1F8B89AC00B07414 /* Debug (Staging) */,
				E9DBBC2B201622E5000B8835 /* Debug (Production) */,
				E9A717B01F8B89AC00B07414 /* Release (Staging) */,
				E9DBBC2E201622FF000B8835 /* Release (Production)  */,
			);
			defaultConfigurationIsVisible = 0;
			defaultConfigurationName = "Release (Staging)";
		};
		E9A717B11F8B89AC00B07414 /* Build configuration list for PBXNativeTarget "Jifflr-iOS" */ = {
			isa = XCConfigurationList;
			buildConfigurations = (
				E9A717B21F8B89AC00B07414 /* Debug (Staging) */,
				E9DBBC2C201622E5000B8835 /* Debug (Production) */,
				E9A717B31F8B89AC00B07414 /* Release (Staging) */,
				E9DBBC2F201622FF000B8835 /* Release (Production)  */,
			);
			defaultConfigurationIsVisible = 0;
			defaultConfigurationName = "Release (Staging)";
		};
		E9A717B41F8B89AC00B07414 /* Build configuration list for PBXNativeTarget "Jifflr-iOSTests" */ = {
			isa = XCConfigurationList;
			buildConfigurations = (
				E9A717B51F8B89AC00B07414 /* Debug (Staging) */,
				E9DBBC2D201622E5000B8835 /* Debug (Production) */,
				E9A717B61F8B89AC00B07414 /* Release (Staging) */,
				E9DBBC30201622FF000B8835 /* Release (Production)  */,
			);
			defaultConfigurationIsVisible = 0;
			defaultConfigurationName = "Release (Staging)";
		};
/* End XCConfigurationList section */
	};
	rootObject = E9A717671F8B89AC00B07414 /* Project object */;
}
